// !$*UTF8*$!
{
	archiveVersion = 1;
	classes = {
	};
	objectVersion = 56;
	objects = {

/* Begin PBXBuildFile section */
		A10001 /* CasablancaApp.swift in Sources */ = {isa = PBXBuildFile; fileRef = B10001 /* CasablancaApp.swift */; };
		A10002 /* ContentView.swift in Sources */ = {isa = PBXBuildFile; fileRef = B10002 /* ContentView.swift */; };
		A10003 /* Meeting.swift in Sources */ = {isa = PBXBuildFile; fileRef = B10003 /* Meeting.swift */; };
		A10004 /* CalendarService.swift in Sources */ = {isa = PBXBuildFile; fileRef = B10004 /* CalendarService.swift */; };
		A10005 /* MeetingListViewModel.swift in Sources */ = {isa = PBXBuildFile; fileRef = B10005 /* MeetingListViewModel.swift */; };
		A10006 /* DashboardView.swift in Sources */ = {isa = PBXBuildFile; fileRef = B10006 /* DashboardView.swift */; };
		A10007 /* MeetingCardView.swift in Sources */ = {isa = PBXBuildFile; fileRef = B10007 /* MeetingCardView.swift */; };
		A10008 /* DesignTokens.swift in Sources */ = {isa = PBXBuildFile; fileRef = B10008 /* DesignTokens.swift */; };
		A10009 /* Theme.swift in Sources */ = {isa = PBXBuildFile; fileRef = B10009 /* Theme.swift */; };
		A10010 /* Permissions.swift in Sources */ = {isa = PBXBuildFile; fileRef = B10010 /* Permissions.swift */; };
		A10011 /* Assets.xcassets in Resources */ = {isa = PBXBuildFile; fileRef = B10011 /* Assets.xcassets */; };
		A10012 /* SidebarView.swift in Sources */ = {isa = PBXBuildFile; fileRef = B10012 /* SidebarView.swift */; };
		A10013 /* NotesEditorView.swift in Sources */ = {isa = PBXBuildFile; fileRef = B10013 /* NotesEditorView.swift */; };
		A10014 /* SettingsView.swift in Sources */ = {isa = PBXBuildFile; fileRef = B10014 /* SettingsView.swift */; };
		A10015 /* AudioRecordingService.swift in Sources */ = {isa = PBXBuildFile; fileRef = B10016 /* AudioRecordingService.swift */; };
		A10016 /* RecordingView.swift in Sources */ = {isa = PBXBuildFile; fileRef = B10017 /* RecordingView.swift */; };
		A10017 /* AudioLevelMeterView.swift in Sources */ = {isa = PBXBuildFile; fileRef = B10018 /* AudioLevelMeterView.swift */; };
		A10018 /* RecordedMeetingView.swift in Sources */ = {isa = PBXBuildFile; fileRef = B10019 /* RecordedMeetingView.swift */; };
		A10019 /* TranscriptionService.swift in Sources */ = {isa = PBXBuildFile; fileRef = B10020 /* TranscriptionService.swift */; };
		A10020 /* TranscriptionView.swift in Sources */ = {isa = PBXBuildFile; fileRef = B10021 /* TranscriptionView.swift */; };
		A10021 /* MarkdownTextEditor.swift in Sources */ = {isa = PBXBuildFile; fileRef = B10022 /* MarkdownTextEditor.swift */; };
		A10022 /* SummarizationService.swift in Sources */ = {isa = PBXBuildFile; fileRef = B10023 /* SummarizationService.swift */; };
/* End PBXBuildFile section */

/* Begin PBXFileReference section */
		B10001 /* CasablancaApp.swift */ = {isa = PBXFileReference; lastKnownFileType = sourcecode.swift; path = CasablancaApp.swift; sourceTree = "<group>"; };
		B10002 /* ContentView.swift */ = {isa = PBXFileReference; lastKnownFileType = sourcecode.swift; path = ContentView.swift; sourceTree = "<group>"; };
		B10003 /* Meeting.swift */ = {isa = PBXFileReference; lastKnownFileType = sourcecode.swift; path = Meeting.swift; sourceTree = "<group>"; };
		B10004 /* CalendarService.swift */ = {isa = PBXFileReference; lastKnownFileType = sourcecode.swift; path = CalendarService.swift; sourceTree = "<group>"; };
		B10005 /* MeetingListViewModel.swift */ = {isa = PBXFileReference; lastKnownFileType = sourcecode.swift; path = MeetingListViewModel.swift; sourceTree = "<group>"; };
		B10006 /* DashboardView.swift */ = {isa = PBXFileReference; lastKnownFileType = sourcecode.swift; path = DashboardView.swift; sourceTree = "<group>"; };
		B10007 /* MeetingCardView.swift */ = {isa = PBXFileReference; lastKnownFileType = sourcecode.swift; path = MeetingCardView.swift; sourceTree = "<group>"; };
		B10008 /* DesignTokens.swift */ = {isa = PBXFileReference; lastKnownFileType = sourcecode.swift; path = DesignTokens.swift; sourceTree = "<group>"; };
		B10009 /* Theme.swift */ = {isa = PBXFileReference; lastKnownFileType = sourcecode.swift; path = Theme.swift; sourceTree = "<group>"; };
		B10010 /* Permissions.swift */ = {isa = PBXFileReference; lastKnownFileType = sourcecode.swift; path = Permissions.swift; sourceTree = "<group>"; };
		B10011 /* Assets.xcassets */ = {isa = PBXFileReference; lastKnownFileType = folder.assetcatalog; path = Assets.xcassets; sourceTree = "<group>"; };
		B10012 /* SidebarView.swift */ = {isa = PBXFileReference; lastKnownFileType = sourcecode.swift; path = SidebarView.swift; sourceTree = "<group>"; };
		B10013 /* NotesEditorView.swift */ = {isa = PBXFileReference; lastKnownFileType = sourcecode.swift; path = NotesEditorView.swift; sourceTree = "<group>"; };
		B10014 /* SettingsView.swift */ = {isa = PBXFileReference; lastKnownFileType = sourcecode.swift; path = SettingsView.swift; sourceTree = "<group>"; };
		B10015 /* Casablanca.entitlements */ = {isa = PBXFileReference; lastKnownFileType = text.plist.entitlements; path = Casablanca.entitlements; sourceTree = "<group>"; };
		B10016 /* AudioRecordingService.swift */ = {isa = PBXFileReference; lastKnownFileType = sourcecode.swift; path = AudioRecordingService.swift; sourceTree = "<group>"; };
		B10017 /* RecordingView.swift */ = {isa = PBXFileReference; lastKnownFileType = sourcecode.swift; path = RecordingView.swift; sourceTree = "<group>"; };
		B10018 /* AudioLevelMeterView.swift */ = {isa = PBXFileReference; lastKnownFileType = sourcecode.swift; path = AudioLevelMeterView.swift; sourceTree = "<group>"; };
		B10019 /* RecordedMeetingView.swift */ = {isa = PBXFileReference; lastKnownFileType = sourcecode.swift; path = RecordedMeetingView.swift; sourceTree = "<group>"; };
		B10020 /* TranscriptionService.swift */ = {isa = PBXFileReference; lastKnownFileType = sourcecode.swift; path = TranscriptionService.swift; sourceTree = "<group>"; };
		B10021 /* TranscriptionView.swift */ = {isa = PBXFileReference; lastKnownFileType = sourcecode.swift; path = TranscriptionView.swift; sourceTree = "<group>"; };
		B10022 /* MarkdownTextEditor.swift */ = {isa = PBXFileReference; lastKnownFileType = sourcecode.swift; path = MarkdownTextEditor.swift; sourceTree = "<group>"; };
		B10023 /* SummarizationService.swift */ = {isa = PBXFileReference; lastKnownFileType = sourcecode.swift; path = SummarizationService.swift; sourceTree = "<group>"; };
		C10001 /* Casablanca.app */ = {isa = PBXFileReference; explicitFileType = wrapper.application; includeInIndex = 0; path = Casablanca.app; sourceTree = BUILT_PRODUCTS_DIR; };
/* End PBXFileReference section */

/* Begin PBXFrameworksBuildPhase section */
		D10001 /* Frameworks */ = {
			isa = PBXFrameworksBuildPhase;
			buildActionMask = 2147483647;
			files = (
			);
			runOnlyForDeploymentPostprocessing = 0;
		};
/* End PBXFrameworksBuildPhase section */

/* Begin PBXGroup section */
		E10001 = {
			isa = PBXGroup;
			children = (
				E10002 /* Casablanca */,
				E10009 /* Products */,
			);
			sourceTree = "<group>";
		};
		E10002 /* Casablanca */ = {
			isa = PBXGroup;
			children = (
				B10001 /* CasablancaApp.swift */,
				B10015 /* Casablanca.entitlements */,
				E10003 /* Models */,
				E10004 /* Services */,
				E10005 /* ViewModels */,
				E10006 /* Views */,
				E10007 /* Design */,
				E10008 /* Utilities */,
				E10010 /* Resources */,
			);
			path = Casablanca;
			sourceTree = "<group>";
		};
		E10003 /* Models */ = {
			isa = PBXGroup;
			children = (
				B10003 /* Meeting.swift */,
			);
			path = Models;
			sourceTree = "<group>";
		};
		E10004 /* Services */ = {
			isa = PBXGroup;
			children = (
				B10004 /* CalendarService.swift */,
				B10016 /* AudioRecordingService.swift */,
				B10020 /* TranscriptionService.swift */,
				B10023 /* SummarizationService.swift */,
			);
			path = Services;
			sourceTree = "<group>";
		};
		E10005 /* ViewModels */ = {
			isa = PBXGroup;
			children = (
				B10005 /* MeetingListViewModel.swift */,
			);
			path = ViewModels;
			sourceTree = "<group>";
		};
		E10006 /* Views */ = {
			isa = PBXGroup;
			children = (
				B10002 /* ContentView.swift */,
				B10006 /* DashboardView.swift */,
				B10012 /* SidebarView.swift */,
				B10013 /* NotesEditorView.swift */,
				B10017 /* RecordingView.swift */,
				B10019 /* RecordedMeetingView.swift */,
				B10021 /* TranscriptionView.swift */,
				B10014 /* SettingsView.swift */,
				E10011 /* Components */,
			);
			path = Views;
			sourceTree = "<group>";
		};
		E10007 /* Design */ = {
			isa = PBXGroup;
			children = (
				B10008 /* DesignTokens.swift */,
				B10009 /* Theme.swift */,
			);
			path = Design;
			sourceTree = "<group>";
		};
		E10008 /* Utilities */ = {
			isa = PBXGroup;
			children = (
				B10010 /* Permissions.swift */,
			);
			path = Utilities;
			sourceTree = "<group>";
		};
		E10009 /* Products */ = {
			isa = PBXGroup;
			children = (
				C10001 /* Casablanca.app */,
			);
			name = Products;
			sourceTree = "<group>";
		};
		E10010 /* Resources */ = {
			isa = PBXGroup;
			children = (
				B10011 /* Assets.xcassets */,
			);
			path = Resources;
			sourceTree = "<group>";
		};
		E10011 /* Components */ = {
			isa = PBXGroup;
			children = (
				B10007 /* MeetingCardView.swift */,
				B10018 /* AudioLevelMeterView.swift */,
				B10022 /* MarkdownTextEditor.swift */,
			);
			path = Components;
			sourceTree = "<group>";
		};
/* End PBXGroup section */

/* Begin PBXNativeTarget section */
		F10001 /* Casablanca */ = {
			isa = PBXNativeTarget;
			buildConfigurationList = G10003 /* Build configuration list for PBXNativeTarget "Casablanca" */;
			buildPhases = (
				F10002 /* Sources */,
				D10001 /* Frameworks */,
				F10003 /* Resources */,
			);
			buildRules = (
			);
			dependencies = (
			);
			name = Casablanca;
			productName = Casablanca;
			productReference = C10001 /* Casablanca.app */;
			productType = "com.apple.product-type.application";
		};
/* End PBXNativeTarget section */

/* Begin PBXProject section */
		H10001 /* Project object */ = {
			isa = PBXProject;
			attributes = {
				BuildIndependentTargetsInParallel = 1;
				LastSwiftUpdateCheck = 1540;
				LastUpgradeCheck = 1540;
				TargetAttributes = {
					F10001 = {
						CreatedOnToolsVersion = 15.4;
					};
				};
			};
			buildConfigurationList = G10001 /* Build configuration list for PBXProject "Casablanca" */;
			compatibilityVersion = "Xcode 14.0";
			developmentRegion = en;
			hasScannedForEncodings = 0;
			knownRegions = (
				en,
				Base,
			);
			mainGroup = E10001;
			productRefGroup = E10009 /* Products */;
			projectDirPath = "";
			projectRoot = "";
			targets = (
				F10001 /* Casablanca */,
			);
		};
/* End PBXProject section */

/* Begin PBXResourcesBuildPhase section */
		F10003 /* Resources */ = {
			isa = PBXResourcesBuildPhase;
			buildActionMask = 2147483647;
			files = (
				A10011 /* Assets.xcassets in Resources */,
			);
			runOnlyForDeploymentPostprocessing = 0;
		};
/* End PBXResourcesBuildPhase section */

/* Begin PBXSourcesBuildPhase section */
		F10002 /* Sources */ = {
			isa = PBXSourcesBuildPhase;
			buildActionMask = 2147483647;
			files = (
				A10001 /* CasablancaApp.swift in Sources */,
				A10002 /* ContentView.swift in Sources */,
				A10003 /* Meeting.swift in Sources */,
				A10004 /* CalendarService.swift in Sources */,
				A10005 /* MeetingListViewModel.swift in Sources */,
				A10006 /* DashboardView.swift in Sources */,
				A10007 /* MeetingCardView.swift in Sources */,
				A10008 /* DesignTokens.swift in Sources */,
				A10009 /* Theme.swift in Sources */,
				A10010 /* Permissions.swift in Sources */,
				A10012 /* SidebarView.swift in Sources */,
				A10013 /* NotesEditorView.swift in Sources */,
				A10014 /* SettingsView.swift in Sources */,
				A10015 /* AudioRecordingService.swift in Sources */,
				A10016 /* RecordingView.swift in Sources */,
				A10017 /* AudioLevelMeterView.swift in Sources */,
				A10018 /* RecordedMeetingView.swift in Sources */,
				A10019 /* TranscriptionService.swift in Sources */,
				A10020 /* TranscriptionView.swift in Sources */,
				A10021 /* MarkdownTextEditor.swift in Sources */,
				A10022 /* SummarizationService.swift in Sources */,
			);
			runOnlyForDeploymentPostprocessing = 0;
		};
/* End PBXSourcesBuildPhase section */

/* Begin XCBuildConfiguration section */
		G10002 /* Debug */ = {
			isa = XCBuildConfiguration;
			buildSettings = {
				ALWAYS_SEARCH_USER_PATHS = NO;
				ASSETCATALOG_COMPILER_GENERATE_SWIFT_ASSET_SYMBOL_EXTENSIONS = YES;
				CLANG_ANALYZER_NONNULL = YES;
				CLANG_CXX_LANGUAGE_STANDARD = "gnu++20";
				CLANG_ENABLE_MODULES = YES;
				CLANG_ENABLE_OBJC_ARC = YES;
				COPY_PHASE_STRIP = NO;
				DEBUG_INFORMATION_FORMAT = dwarf;
				ENABLE_STRICT_OBJC_MSGSEND = YES;
				ENABLE_TESTABILITY = YES;
				GCC_DYNAMIC_NO_PIC = NO;
				GCC_OPTIMIZATION_LEVEL = 0;
				GCC_WARN_ABOUT_RETURN_TYPE = YES_ERROR;
				GCC_WARN_UNINITIALIZED_AUTOS = YES_AGGRESSIVE;
				MACOSX_DEPLOYMENT_TARGET = 14.0;
				MTL_ENABLE_DEBUG_INFO = INCLUDE_SOURCE;
				ONLY_ACTIVE_ARCH = YES;
				SDKROOT = macosx;
				SWIFT_ACTIVE_COMPILATION_CONDITIONS = "DEBUG $(inherited)";
				SWIFT_OPTIMIZATION_LEVEL = "-Onone";
				SWIFT_VERSION = 5.0;
			};
			name = Debug;
		};
		G10004 /* Release */ = {
			isa = XCBuildConfiguration;
			buildSettings = {
				ALWAYS_SEARCH_USER_PATHS = NO;
				ASSETCATALOG_COMPILER_GENERATE_SWIFT_ASSET_SYMBOL_EXTENSIONS = YES;
				CLANG_ANALYZER_NONNULL = YES;
				CLANG_CXX_LANGUAGE_STANDARD = "gnu++20";
				CLANG_ENABLE_MODULES = YES;
				CLANG_ENABLE_OBJC_ARC = YES;
				COPY_PHASE_STRIP = NO;
				DEBUG_INFORMATION_FORMAT = "dwarf-with-dsym";
				ENABLE_NS_ASSERTIONS = NO;
				ENABLE_STRICT_OBJC_MSGSEND = YES;
				GCC_WARN_ABOUT_RETURN_TYPE = YES_ERROR;
				GCC_WARN_UNINITIALIZED_AUTOS = YES_AGGRESSIVE;
				MACOSX_DEPLOYMENT_TARGET = 14.0;
				SDKROOT = macosx;
				SWIFT_COMPILATION_MODE = wholemodule;
				SWIFT_VERSION = 5.0;
			};
			name = Release;
		};
		G10005 /* Debug */ = {
			isa = XCBuildConfiguration;
			buildSettings = {
				ASSETCATALOG_COMPILER_APPICON_NAME = AppIcon;
				ASSETCATALOG_COMPILER_GLOBAL_ACCENT_COLOR_NAME = AccentColor;
				CODE_SIGN_ENTITLEMENTS = Casablanca/Casablanca.entitlements;
				CODE_SIGN_STYLE = Automatic;
				COMBINE_HIDPI_IMAGES = YES;
				CURRENT_PROJECT_VERSION = 1;
				DEVELOPMENT_TEAM = 77YQ5E8KT3;
				ENABLE_HARDENED_RUNTIME = YES;
				GENERATE_INFOPLIST_FILE = YES;
				INFOPLIST_KEY_CFBundleDisplayName = Casablanca;
				INFOPLIST_KEY_LSApplicationCategoryType = "public.app-category.productivity";
				INFOPLIST_KEY_NSCalendarsUsageDescription = "Casablanca needs access to your calendar to show upcoming meetings.";
				INFOPLIST_KEY_NSMicrophoneUsageDescription = "Casablanca needs microphone access to record meeting audio.";
				INFOPLIST_KEY_NSScreenCaptureUsageDescription = "Casablanca needs screen and system audio recording access to capture meeting audio.";
				INFOPLIST_KEY_NSSpeechRecognitionUsageDescription = "Casablanca uses on-device speech recognition to transcribe meeting recordings locally.";
				LD_RUNPATH_SEARCH_PATHS = (
					"$(inherited)",
					"@executable_path/../Frameworks",
				);
				MARKETING_VERSION = 0.1.0;
				PRODUCT_BUNDLE_IDENTIFIER = com.casablanca.app;
				PRODUCT_NAME = "$(TARGET_NAME)";
				SWIFT_EMIT_LOC_STRINGS = YES;
				SWIFT_STRICT_CONCURRENCY = complete;
				SWIFT_VERSION = 5.0;
			};
			name = Debug;
		};
		G10006 /* Release */ = {
			isa = XCBuildConfiguration;
			buildSettings = {
				ASSETCATALOG_COMPILER_APPICON_NAME = AppIcon;
				ASSETCATALOG_COMPILER_GLOBAL_ACCENT_COLOR_NAME = AccentColor;
				CODE_SIGN_ENTITLEMENTS = Casablanca/Casablanca.entitlements;
				CODE_SIGN_STYLE = Automatic;
				COMBINE_HIDPI_IMAGES = YES;
				CURRENT_PROJECT_VERSION = 1;
				DEVELOPMENT_TEAM = 77YQ5E8KT3;
				ENABLE_HARDENED_RUNTIME = YES;
				GENERATE_INFOPLIST_FILE = YES;
				INFOPLIST_KEY_CFBundleDisplayName = Casablanca;
				INFOPLIST_KEY_LSApplicationCategoryType = "public.app-category.productivity";
				INFOPLIST_KEY_NSCalendarsUsageDescription = "Casablanca needs access to your calendar to show upcoming meetings.";
				INFOPLIST_KEY_NSMicrophoneUsageDescription = "Casablanca needs microphone access to record meeting audio.";
				INFOPLIST_KEY_NSScreenCaptureUsageDescription = "Casablanca needs screen and system audio recording access to capture meeting audio.";
				INFOPLIST_KEY_NSSpeechRecognitionUsageDescription = "Casablanca uses on-device speech recognition to transcribe meeting recordings locally.";
				LD_RUNPATH_SEARCH_PATHS = (
					"$(inherited)",
					"@executable_path/../Frameworks",
				);
				MARKETING_VERSION = 0.1.0;
				PRODUCT_BUNDLE_IDENTIFIER = com.casablanca.app;
				PRODUCT_NAME = "$(TARGET_NAME)";
				SWIFT_EMIT_LOC_STRINGS = YES;
				SWIFT_STRICT_CONCURRENCY = complete;
				SWIFT_VERSION = 5.0;
			};
			name = Release;
		};
/* End XCBuildConfiguration section */

/* Begin XCConfigurationList section */
		G10001 /* Build configuration list for PBXProject "Casablanca" */ = {
			isa = XCConfigurationList;
			buildConfigurations = (
				G10002 /* Debug */,
				G10004 /* Release */,
			);
			defaultConfigurationIsVisible = 0;
			defaultConfigurationName = Release;
		};
		G10003 /* Build configuration list for PBXNativeTarget "Casablanca" */ = {
			isa = XCConfigurationList;
			buildConfigurations = (
				G10005 /* Debug */,
				G10006 /* Release */,
			);
			defaultConfigurationIsVisible = 0;
			defaultConfigurationName = Release;
		};
/* End XCConfigurationList section */
	};
	rootObject = H10001 /* Project object */;
}
