// !$*UTF8*$!
{
	archiveVersion = 1;
	classes = {
	};
	objectVersion = 56;
	objects = {

/* Begin PBXBuildFile section */
		03AF1A0166ED6F1B10C3EC38 /* UpdatePaths.swift in Sources */ = {isa = PBXBuildFile; fileRef = D8B8B5B1EC960D341635643A /* UpdatePaths.swift */; };
		0ACF43EE2D7D8212148AB63B /* Casablanca-0.0.1-macOS.zip in Resources */ = {isa = PBXBuildFile; fileRef = E137BABB61EEA16ED1A5A2C6 /* Casablanca-0.0.1-macOS.zip */; };
		0B4237F6139DC6A92CAF3E37 /* ActionQueue.swift in Sources */ = {isa = PBXBuildFile; fileRef = 42DC02442B940A212DC35C19 /* ActionQueue.swift */; };
		18B51C18488B1C2AA71B6049 /* SafeToQuitProbe.swift in Sources */ = {isa = PBXBuildFile; fileRef = 0BF127BCDC48F6704366EE77 /* SafeToQuitProbe.swift */; };
		2405FA5D7C76BF630A133C64 /* UpdatePreferences.swift in Sources */ = {isa = PBXBuildFile; fileRef = 2FC460B2BFF0B3C00963217D /* UpdatePreferences.swift */; };
		24EB0A08CE05CBF3AEA097E5 /* ReleaseInfo.swift in Sources */ = {isa = PBXBuildFile; fileRef = E2070196BC4ABF8540E9793B /* ReleaseInfo.swift */; };
		2D0DAAC2CE1FED596BF02B11 /* ActionQueueView.swift in Sources */ = {isa = PBXBuildFile; fileRef = D25A8FB5E153EBF6D42BDFA9 /* ActionQueueView.swift */; };
		31CA18E6ABD1202A5B8E1374 /* GitHubReleaseClientTests.swift in Sources */ = {isa = PBXBuildFile; fileRef = 4672FEB4BDED2E6CA8AD7E83 /* GitHubReleaseClientTests.swift */; };
		3536DDAC6F96EC87D6CB57DF /* OMLXProviderTests.swift in Sources */ = {isa = PBXBuildFile; fileRef = 48D20F343EEE59691A539A5C /* OMLXProviderTests.swift */; };
		392C856CE65B9DC4F84D1D47 /* OllamaProvider.swift in Sources */ = {isa = PBXBuildFile; fileRef = ABD3C39F3B257B73C3B65A5E /* OllamaProvider.swift */; };
		3E29EC5FF869299653BB1F2B /* UpdateErrorTests.swift in Sources */ = {isa = PBXBuildFile; fileRef = DE2308EE9B78AC44C7B41D8E /* UpdateErrorTests.swift */; };
		43C4F02725FE174F0D9146C5 /* UpdateError.swift in Sources */ = {isa = PBXBuildFile; fileRef = C79C7C11A5C52DE2A2694DF3 /* UpdateError.swift */; };
		54A689833AB34ABBFCCD2124 /* GitHubReleaseClient.swift in Sources */ = {isa = PBXBuildFile; fileRef = DBEBCC07A82694092AF7D696 /* GitHubReleaseClient.swift */; };
		5C637014C8D2430DB4C6FC9F /* SemanticVersionTests.swift in Sources */ = {isa = PBXBuildFile; fileRef = 830EA0C2E42BDA3BE7689572 /* SemanticVersionTests.swift */; };
		6AC35E1EB4C8E95C8584EFB1 /* MockURLProtocol.swift in Sources */ = {isa = PBXBuildFile; fileRef = 20C4B5781EA0827175F6ED04 /* MockURLProtocol.swift */; };
		7044416CB6E8E5314D6EA07A /* UpdatePathsTests.swift in Sources */ = {isa = PBXBuildFile; fileRef = BC3E160AF88BBEE8A8ACE88F /* UpdatePathsTests.swift */; };
		7F31A7678806EAFEC2C6A94A /* UpdatePreferencesTests.swift in Sources */ = {isa = PBXBuildFile; fileRef = 045962ADE2E9E4D925ECAFB7 /* UpdatePreferencesTests.swift */; };
		863B495C0E86496DB75A9C91 /* LLMProviderFactoryTests.swift in Sources */ = {isa = PBXBuildFile; fileRef = C5B528C25CC65D55848052D4 /* LLMProviderFactoryTests.swift */; };
		9B2AF0E9AA2D3E3854897D24 /* SemanticVersion.swift in Sources */ = {isa = PBXBuildFile; fileRef = 94A49CA3494756C27CD173CA /* SemanticVersion.swift */; };
		9BEF92EEB18A36DC9F07B108 /* LLMProvider.swift in Sources */ = {isa = PBXBuildFile; fileRef = 48FF6FBD168B2E9103E4BABA /* LLMProvider.swift */; };
		9C64626C06AC9157AA4AD10A /* UpdatesSettingsView.swift in Sources */ = {isa = PBXBuildFile; fileRef = 5356811FE16B03FB65CDE802 /* UpdatesSettingsView.swift */; };
		A10001 /* CasablancaApp.swift in Sources */ = {isa = PBXBuildFile; fileRef = B10001 /* CasablancaApp.swift */; };
		A10002 /* ContentView.swift in Sources */ = {isa = PBXBuildFile; fileRef = B10002 /* ContentView.swift */; };
		A10003 /* Meeting.swift in Sources */ = {isa = PBXBuildFile; fileRef = B10003 /* Meeting.swift */; };
		A10004 /* CalendarService.swift in Sources */ = {isa = PBXBuildFile; fileRef = B10004 /* CalendarService.swift */; };
		A10005 /* MeetingListViewModel.swift in Sources */ = {isa = PBXBuildFile; fileRef = B10005 /* MeetingListViewModel.swift */; };
		A10006 /* DashboardView.swift in Sources */ = {isa = PBXBuildFile; fileRef = B10006 /* DashboardView.swift */; };
		A10007 /* MeetingCardView.swift in Sources */ = {isa = PBXBuildFile; fileRef = B10007 /* MeetingCardView.swift */; };
		A10008 /* DesignTokens.swift in Sources */ = {isa = PBXBuildFile; fileRef = B10008 /* DesignTokens.swift */; };
		A10009 /* Theme.swift in Sources */ = {isa = PBXBuildFile; fileRef = B10009 /* Theme.swift */; };
		A10010 /* Permissions.swift in Sources */ = {isa = PBXBuildFile; fileRef = B10010 /* Permissions.swift */; };
		A10011 /* Assets.xcassets in Resources */ = {isa = PBXBuildFile; fileRef = B10011 /* Assets.xcassets */; };
		A10012 /* SidebarView.swift in Sources */ = {isa = PBXBuildFile; fileRef = B10012 /* SidebarView.swift */; };
		A10013 /* NotesEditorView.swift in Sources */ = {isa = PBXBuildFile; fileRef = B10013 /* NotesEditorView.swift */; };
		A10014 /* SettingsView.swift in Sources */ = {isa = PBXBuildFile; fileRef = B10014 /* SettingsView.swift */; };
		A10015 /* AudioRecordingService.swift in Sources */ = {isa = PBXBuildFile; fileRef = B10016 /* AudioRecordingService.swift */; };
		A10016 /* RecordingView.swift in Sources */ = {isa = PBXBuildFile; fileRef = B10017 /* RecordingView.swift */; };
		A10017 /* AudioLevelMeterView.swift in Sources */ = {isa = PBXBuildFile; fileRef = B10018 /* AudioLevelMeterView.swift */; };
		A10018 /* RecordedMeetingView.swift in Sources */ = {isa = PBXBuildFile; fileRef = B10019 /* RecordedMeetingView.swift */; };
		A10019 /* TranscriptionService.swift in Sources */ = {isa = PBXBuildFile; fileRef = B10020 /* TranscriptionService.swift */; };
		A10020 /* TranscriptionView.swift in Sources */ = {isa = PBXBuildFile; fileRef = B10021 /* TranscriptionView.swift */; };
		A10021 /* MarkdownTextEditor.swift in Sources */ = {isa = PBXBuildFile; fileRef = B10022 /* MarkdownTextEditor.swift */; };
		A10022 /* SummarizationService.swift in Sources */ = {isa = PBXBuildFile; fileRef = B10023 /* SummarizationService.swift */; };
		A10023 /* ExportService.swift in Sources */ = {isa = PBXBuildFile; fileRef = B10024 /* ExportService.swift */; };
		A10024 /* WhisperKit in Frameworks */ = {isa = PBXBuildFile; productRef = J10002 /* WhisperKit */; };
		A10025 /* MenuBarMeetingView.swift in Sources */ = {isa = PBXBuildFile; fileRef = B10025 /* MenuBarMeetingView.swift */; };
		A10026 /* TodoItem.swift in Sources */ = {isa = PBXBuildFile; fileRef = B10026 /* TodoItem.swift */; };
		A10027 /* SummaryResponseParser.swift in Sources */ = {isa = PBXBuildFile; fileRef = B10027 /* SummaryResponseParser.swift */; };
		A10028 /* SummaryResponseParserTests.swift in Sources */ = {isa = PBXBuildFile; fileRef = B10028 /* SummaryResponseParserTests.swift */; };
		A10100 /* MeetingTimeBucket.swift in Sources */ = {isa = PBXBuildFile; fileRef = B10100 /* MeetingTimeBucket.swift */; };
		A10101 /* MeetingTimeBucketTests.swift in Sources */ = {isa = PBXBuildFile; fileRef = B10101 /* MeetingTimeBucketTests.swift */; };
		A10102 /* MeetingSearchIndex.swift in Sources */ = {isa = PBXBuildFile; fileRef = B10102 /* MeetingSearchIndex.swift */; };
		A10103 /* MeetingSearchIndexTests.swift in Sources */ = {isa = PBXBuildFile; fileRef = B10103 /* MeetingSearchIndexTests.swift */; };
		A10029 /* PendingTodoReview.swift in Sources */ = {isa = PBXBuildFile; fileRef = B10029 /* PendingTodoReview.swift */; };
		A10030 /* TodoReviewSheet.swift in Sources */ = {isa = PBXBuildFile; fileRef = B10030 /* TodoReviewSheet.swift */; };
		A10031 /* TodosView.swift in Sources */ = {isa = PBXBuildFile; fileRef = B10031 /* TodosView.swift */; };
		A10032 /* MarkdownConverter.swift in Sources */ = {isa = PBXBuildFile; fileRef = B10032 /* MarkdownConverter.swift */; };
		A10033 /* MarkdownEditorBundleTests.swift in Sources */ = {isa = PBXBuildFile; fileRef = B10033 /* MarkdownEditorBundleTests.swift */; };
		A10034 /* MarkdownEditor in Resources */ = {isa = PBXBuildFile; fileRef = B10034 /* MarkdownEditor */; };
		A10035 /* MeetingStartFlowTests.swift in Sources */ = {isa = PBXBuildFile; fileRef = B10035 /* MeetingStartFlowTests.swift */; };
		A10036 /* MeetingPrepService.swift in Sources */ = {isa = PBXBuildFile; fileRef = B10036 /* MeetingPrepService.swift */; };
		A10037 /* MeetingPrepServiceTests.swift in Sources */ = {isa = PBXBuildFile; fileRef = B10037 /* MeetingPrepServiceTests.swift */; };
		A10104 /* MeetingPrepServiceWriteTests.swift in Sources */ = {isa = PBXBuildFile; fileRef = B10104 /* MeetingPrepServiceWriteTests.swift */; };
		A10038 /* ObsidianTodoMarkdownTests.swift in Sources */ = {isa = PBXBuildFile; fileRef = B10038 /* ObsidianTodoMarkdownTests.swift */; };
		A10039 /* ObsidianMeetingFiles.swift in Sources */ = {isa = PBXBuildFile; fileRef = B10039 /* ObsidianMeetingFiles.swift */; };
		A10040 /* ObsidianTodoMarkdown.swift in Sources */ = {isa = PBXBuildFile; fileRef = B10040 /* ObsidianTodoMarkdown.swift */; };
		A10041 /* ObsidianTodoSyncServiceTests.swift in Sources */ = {isa = PBXBuildFile; fileRef = B10041 /* ObsidianTodoSyncServiceTests.swift */; };
		A10042 /* ObsidianTodoSyncService.swift in Sources */ = {isa = PBXBuildFile; fileRef = B10042 /* ObsidianTodoSyncService.swift */; };
		A10043 /* PermissionsBehaviorTests.swift in Sources */ = {isa = PBXBuildFile; fileRef = B10043 /* PermissionsBehaviorTests.swift */; };
		A10044 /* ExportServiceTests.swift in Sources */ = {isa = PBXBuildFile; fileRef = B10044 /* ExportServiceTests.swift */; };
		A10045 /* SummarizationServiceTests.swift in Sources */ = {isa = PBXBuildFile; fileRef = B10045 /* SummarizationServiceTests.swift */; };
		A10047 /* RecordingResumeSessionStore.swift in Sources */ = {isa = PBXBuildFile; fileRef = B10047 /* RecordingResumeSessionStore.swift */; };
		A10048 /* RecordingInterruptionMonitor.swift in Sources */ = {isa = PBXBuildFile; fileRef = B10048 /* RecordingInterruptionMonitor.swift */; };
		A10049 /* RecordingInterruptionMonitorTests.swift in Sources */ = {isa = PBXBuildFile; fileRef = B10049 /* RecordingInterruptionMonitorTests.swift */; };
		A10050 /* RecordingInterruptionCoordinator.swift in Sources */ = {isa = PBXBuildFile; fileRef = B10050 /* RecordingInterruptionCoordinator.swift */; };
		A10051 /* RecordingInterruptionCoordinatorTests.swift in Sources */ = {isa = PBXBuildFile; fileRef = B10051 /* RecordingInterruptionCoordinatorTests.swift */; };
		A10052 /* RecordingNotificationCenter.swift in Sources */ = {isa = PBXBuildFile; fileRef = B10052 /* RecordingNotificationCenter.swift */; };
		A10053 /* AppPreferences.swift in Sources */ = {isa = PBXBuildFile; fileRef = B10053 /* AppPreferences.swift */; };
		A10054 /* AppPreferencesTests.swift in Sources */ = {isa = PBXBuildFile; fileRef = B10054 /* AppPreferencesTests.swift */; };
		A10055 /* AppleNotesScripting.swift in Sources */ = {isa = PBXBuildFile; fileRef = B10055 /* AppleNotesScripting.swift */; };
		A10056 /* InMemoryAppleNotesScripting.swift in Sources */ = {isa = PBXBuildFile; fileRef = B10056 /* InMemoryAppleNotesScripting.swift */; };
		A10057 /* AppleNotesScriptingFakeTests.swift in Sources */ = {isa = PBXBuildFile; fileRef = B10057 /* AppleNotesScriptingFakeTests.swift */; };
		A10058 /* AppleNotesBodyRenderer.swift in Sources */ = {isa = PBXBuildFile; fileRef = B10058 /* AppleNotesBodyRenderer.swift */; };
		A10059 /* AppleNotesBodyRendererTests.swift in Sources */ = {isa = PBXBuildFile; fileRef = B10059 /* AppleNotesBodyRendererTests.swift */; };
		A10060 /* AppleNotesExportError.swift in Sources */ = {isa = PBXBuildFile; fileRef = B10060 /* AppleNotesExportError.swift */; };
		A10061 /* AppleNotesExportErrorTests.swift in Sources */ = {isa = PBXBuildFile; fileRef = B10061 /* AppleNotesExportErrorTests.swift */; };
		A10062 /* AppleNotesMeetingExporter.swift in Sources */ = {isa = PBXBuildFile; fileRef = B10062 /* AppleNotesMeetingExporter.swift */; };
		A10063 /* AppleNotesMeetingExporterTests.swift in Sources */ = {isa = PBXBuildFile; fileRef = B10063 /* AppleNotesMeetingExporterTests.swift */; };
		A10064 /* NSAppleScriptAppleNotesScripting.swift in Sources */ = {isa = PBXBuildFile; fileRef = B10064 /* NSAppleScriptAppleNotesScripting.swift */; };
		A10065 /* NSAppleScriptAppleNotesScriptingTests.swift in Sources */ = {isa = PBXBuildFile; fileRef = B10065 /* NSAppleScriptAppleNotesScriptingTests.swift */; };
		A10066 /* ObsidianMeetingExporter.swift in Sources */ = {isa = PBXBuildFile; fileRef = B10066 /* ObsidianMeetingExporter.swift */; };
		A10067 /* ExportServiceRoutingTests.swift in Sources */ = {isa = PBXBuildFile; fileRef = B10067 /* ExportServiceRoutingTests.swift */; };
		A25F412BA3090DD15071F908 /* UpdateDownloader.swift in Sources */ = {isa = PBXBuildFile; fileRef = B2931ECD9D9B97E683CABC9D /* UpdateDownloader.swift */; };
		A369480DCCBAFDED92973389 /* UpdateInstallerScriptTests.swift in Sources */ = {isa = PBXBuildFile; fileRef = 1CBDC454B1E9FB4940FC277E /* UpdateInstallerScriptTests.swift */; };
		A83C80018AF2D1867913487B /* UpdateServiceTests.swift in Sources */ = {isa = PBXBuildFile; fileRef = FBD4139757289B0A6DC1F05C /* UpdateServiceTests.swift */; };
		A8FA62DBB7CD4046DD1FCC81 /* UpdateLaunchHousekeeping.swift in Sources */ = {isa = PBXBuildFile; fileRef = BEDC99ABCEE1E1DF4190DB03 /* UpdateLaunchHousekeeping.swift */; };
		AACD71C8C2C46990F3D87FAA /* ApplicationsLocationCheckTests.swift in Sources */ = {isa = PBXBuildFile; fileRef = E98B9080F7BB0E7584B66D54 /* ApplicationsLocationCheckTests.swift */; };
		B5266CDC7EFE27EE8647B0AE /* UpdateInstaller.swift in Sources */ = {isa = PBXBuildFile; fileRef = B5C2220C025C16945CB2AB2F /* UpdateInstaller.swift */; };
		B5410AFB7ACFB3702A9B7C70 /* ActionQueueModel.swift in Sources */ = {isa = PBXBuildFile; fileRef = 348E68C9FBB335806B18BFE3 /* ActionQueueModel.swift */; };
		BE6770583C1B1F8A8C67B418 /* OMLXProvider.swift in Sources */ = {isa = PBXBuildFile; fileRef = 7EE76844700FCF7A055497BB /* OMLXProvider.swift */; };
		C1E6FC1E581E4E7C1DCF1C16 /* UpdateService.swift in Sources */ = {isa = PBXBuildFile; fileRef = A3D480611A08BDB4705DD52C /* UpdateService.swift */; };
		C40DAA304D9C44955F64244C /* Casablanca-99.0.0-macOS.zip in Resources */ = {isa = PBXBuildFile; fileRef = C9CDA9B6E30A9CDFA1F59E59 /* Casablanca-99.0.0-macOS.zip */; };
		C514F5A5E0BEA52EA0DC4B59 /* OllamaProviderTests.swift in Sources */ = {isa = PBXBuildFile; fileRef = 3AA7A06D80FD840FA9F5BE53 /* OllamaProviderTests.swift */; };
		C9BC31735C018EA073CE78BD /* ActionQueueStoreTests.swift in Sources */ = {isa = PBXBuildFile; fileRef = 7996A7642A643E66F49CBDDF /* ActionQueueStoreTests.swift */; };
		CA604E75D903664CE5D5A80A /* UpdateProgressView.swift in Sources */ = {isa = PBXBuildFile; fileRef = 7D7CA09912D7E22E2CA3CE7B /* UpdateProgressView.swift */; };
		CB88AFB502038FEDE1584365 /* UpdateDownloaderTests.swift in Sources */ = {isa = PBXBuildFile; fileRef = A064F199C7F1A4EA8845250C /* UpdateDownloaderTests.swift */; };
		CEFB80B9E5C58D2FB05541A7 /* UpdatePromptView.swift in Sources */ = {isa = PBXBuildFile; fileRef = 78870DE27FC6FEFF9085B32B /* UpdatePromptView.swift */; };
		DBA9D1B7DEB384F9DCBDEEF6 /* ActionQueueStore.swift in Sources */ = {isa = PBXBuildFile; fileRef = F48DF0F45188DE554F17F6F2 /* ActionQueueStore.swift */; };
		E14B9E3C42DDFF387EF53739 /* TerminologyService.swift in Sources */ = {isa = PBXBuildFile; fileRef = D1EE29FDF8FFC1ABF7924FBC /* TerminologyService.swift */; };
		EE2603CEF476CBAD683D007C /* ApplicationsLocationCheck.swift in Sources */ = {isa = PBXBuildFile; fileRef = 6D64BC5E807A9D8403D0DAC0 /* ApplicationsLocationCheck.swift */; };
		F1783E6572E352D3F007A4C7 /* SafeToQuitProbeTests.swift in Sources */ = {isa = PBXBuildFile; fileRef = 4F979EA02933A2A7C4B8686F /* SafeToQuitProbeTests.swift */; };
/* End PBXBuildFile section */

/* Begin PBXContainerItemProxy section */
		F10007 /* PBXContainerItemProxy */ = {
			isa = PBXContainerItemProxy;
			containerPortal = H10001 /* Project object */;
			proxyType = 1;
			remoteGlobalIDString = F10001;
			remoteInfo = Casablanca;
		};
/* End PBXContainerItemProxy section */

/* Begin PBXFileReference section */
		045962ADE2E9E4D925ECAFB7 /* UpdatePreferencesTests.swift */ = {isa = PBXFileReference; includeInIndex = 1; lastKnownFileType = sourcecode.swift; path = UpdatePreferencesTests.swift; sourceTree = "<group>"; };
		0BF127BCDC48F6704366EE77 /* SafeToQuitProbe.swift */ = {isa = PBXFileReference; includeInIndex = 1; lastKnownFileType = sourcecode.swift; path = SafeToQuitProbe.swift; sourceTree = "<group>"; };
		108FBBE803A2166EC0F75BB4 /* build-fixtures.sh */ = {isa = PBXFileReference; includeInIndex = 1; lastKnownFileType = text.script.sh; path = "build-fixtures.sh"; sourceTree = "<group>"; };
		1CBDC454B1E9FB4940FC277E /* UpdateInstallerScriptTests.swift */ = {isa = PBXFileReference; includeInIndex = 1; lastKnownFileType = sourcecode.swift; path = UpdateInstallerScriptTests.swift; sourceTree = "<group>"; };
		20C4B5781EA0827175F6ED04 /* MockURLProtocol.swift */ = {isa = PBXFileReference; includeInIndex = 1; lastKnownFileType = sourcecode.swift; path = MockURLProtocol.swift; sourceTree = "<group>"; };
		2FC460B2BFF0B3C00963217D /* UpdatePreferences.swift */ = {isa = PBXFileReference; includeInIndex = 1; lastKnownFileType = sourcecode.swift; path = UpdatePreferences.swift; sourceTree = "<group>"; };
		348E68C9FBB335806B18BFE3 /* ActionQueueModel.swift */ = {isa = PBXFileReference; includeInIndex = 1; lastKnownFileType = sourcecode.swift; path = ActionQueueModel.swift; sourceTree = "<group>"; };
		3AA7A06D80FD840FA9F5BE53 /* OllamaProviderTests.swift */ = {isa = PBXFileReference; includeInIndex = 1; lastKnownFileType = sourcecode.swift; path = OllamaProviderTests.swift; sourceTree = "<group>"; };
		42DC02442B940A212DC35C19 /* ActionQueue.swift */ = {isa = PBXFileReference; includeInIndex = 1; lastKnownFileType = sourcecode.swift; path = ActionQueue.swift; sourceTree = "<group>"; };
		4672FEB4BDED2E6CA8AD7E83 /* GitHubReleaseClientTests.swift */ = {isa = PBXFileReference; includeInIndex = 1; lastKnownFileType = sourcecode.swift; path = GitHubReleaseClientTests.swift; sourceTree = "<group>"; };
		48D20F343EEE59691A539A5C /* OMLXProviderTests.swift */ = {isa = PBXFileReference; includeInIndex = 1; lastKnownFileType = sourcecode.swift; path = OMLXProviderTests.swift; sourceTree = "<group>"; };
		48FF6FBD168B2E9103E4BABA /* LLMProvider.swift */ = {isa = PBXFileReference; includeInIndex = 1; lastKnownFileType = sourcecode.swift; path = LLMProvider.swift; sourceTree = "<group>"; };
		4F979EA02933A2A7C4B8686F /* SafeToQuitProbeTests.swift */ = {isa = PBXFileReference; includeInIndex = 1; lastKnownFileType = sourcecode.swift; path = SafeToQuitProbeTests.swift; sourceTree = "<group>"; };
		5356811FE16B03FB65CDE802 /* UpdatesSettingsView.swift */ = {isa = PBXFileReference; includeInIndex = 1; lastKnownFileType = sourcecode.swift; path = UpdatesSettingsView.swift; sourceTree = "<group>"; };
		68B1976A2F61FC0B008725A4 /* icon.png */ = {isa = PBXFileReference; lastKnownFileType = image.png; path = icon.png; sourceTree = "<group>"; };
		6D64BC5E807A9D8403D0DAC0 /* ApplicationsLocationCheck.swift */ = {isa = PBXFileReference; includeInIndex = 1; lastKnownFileType = sourcecode.swift; path = ApplicationsLocationCheck.swift; sourceTree = "<group>"; };
		78870DE27FC6FEFF9085B32B /* UpdatePromptView.swift */ = {isa = PBXFileReference; includeInIndex = 1; lastKnownFileType = sourcecode.swift; path = UpdatePromptView.swift; sourceTree = "<group>"; };
		7996A7642A643E66F49CBDDF /* ActionQueueStoreTests.swift */ = {isa = PBXFileReference; includeInIndex = 1; lastKnownFileType = sourcecode.swift; path = ActionQueueStoreTests.swift; sourceTree = "<group>"; };
		7D7CA09912D7E22E2CA3CE7B /* UpdateProgressView.swift */ = {isa = PBXFileReference; includeInIndex = 1; lastKnownFileType = sourcecode.swift; path = UpdateProgressView.swift; sourceTree = "<group>"; };
		7EE76844700FCF7A055497BB /* OMLXProvider.swift */ = {isa = PBXFileReference; includeInIndex = 1; lastKnownFileType = sourcecode.swift; path = OMLXProvider.swift; sourceTree = "<group>"; };
		830EA0C2E42BDA3BE7689572 /* SemanticVersionTests.swift */ = {isa = PBXFileReference; includeInIndex = 1; lastKnownFileType = sourcecode.swift; path = SemanticVersionTests.swift; sourceTree = "<group>"; };
		94A49CA3494756C27CD173CA /* SemanticVersion.swift */ = {isa = PBXFileReference; includeInIndex = 1; lastKnownFileType = sourcecode.swift; path = SemanticVersion.swift; sourceTree = "<group>"; };
		A064F199C7F1A4EA8845250C /* UpdateDownloaderTests.swift */ = {isa = PBXFileReference; includeInIndex = 1; lastKnownFileType = sourcecode.swift; path = UpdateDownloaderTests.swift; sourceTree = "<group>"; };
		A3D480611A08BDB4705DD52C /* UpdateService.swift */ = {isa = PBXFileReference; includeInIndex = 1; lastKnownFileType = sourcecode.swift; path = UpdateService.swift; sourceTree = "<group>"; };
		ABD3C39F3B257B73C3B65A5E /* OllamaProvider.swift */ = {isa = PBXFileReference; includeInIndex = 1; lastKnownFileType = sourcecode.swift; path = OllamaProvider.swift; sourceTree = "<group>"; };
		B10001 /* CasablancaApp.swift */ = {isa = PBXFileReference; lastKnownFileType = sourcecode.swift; path = CasablancaApp.swift; sourceTree = "<group>"; };
		B10002 /* ContentView.swift */ = {isa = PBXFileReference; lastKnownFileType = sourcecode.swift; path = ContentView.swift; sourceTree = "<group>"; };
		B10003 /* Meeting.swift */ = {isa = PBXFileReference; lastKnownFileType = sourcecode.swift; path = Meeting.swift; sourceTree = "<group>"; };
		B10004 /* CalendarService.swift */ = {isa = PBXFileReference; lastKnownFileType = sourcecode.swift; path = CalendarService.swift; sourceTree = "<group>"; };
		B10005 /* MeetingListViewModel.swift */ = {isa = PBXFileReference; lastKnownFileType = sourcecode.swift; path = MeetingListViewModel.swift; sourceTree = "<group>"; };
		B10006 /* DashboardView.swift */ = {isa = PBXFileReference; lastKnownFileType = sourcecode.swift; path = DashboardView.swift; sourceTree = "<group>"; };
		B10007 /* MeetingCardView.swift */ = {isa = PBXFileReference; lastKnownFileType = sourcecode.swift; path = MeetingCardView.swift; sourceTree = "<group>"; };
		B10008 /* DesignTokens.swift */ = {isa = PBXFileReference; lastKnownFileType = sourcecode.swift; path = DesignTokens.swift; sourceTree = "<group>"; };
		B10009 /* Theme.swift */ = {isa = PBXFileReference; lastKnownFileType = sourcecode.swift; path = Theme.swift; sourceTree = "<group>"; };
		B10010 /* Permissions.swift */ = {isa = PBXFileReference; lastKnownFileType = sourcecode.swift; path = Permissions.swift; sourceTree = "<group>"; };
		B10011 /* Assets.xcassets */ = {isa = PBXFileReference; lastKnownFileType = folder.assetcatalog; path = Assets.xcassets; sourceTree = "<group>"; };
		B10012 /* SidebarView.swift */ = {isa = PBXFileReference; lastKnownFileType = sourcecode.swift; path = SidebarView.swift; sourceTree = "<group>"; };
		B10013 /* NotesEditorView.swift */ = {isa = PBXFileReference; lastKnownFileType = sourcecode.swift; path = NotesEditorView.swift; sourceTree = "<group>"; };
		B10014 /* SettingsView.swift */ = {isa = PBXFileReference; lastKnownFileType = sourcecode.swift; path = SettingsView.swift; sourceTree = "<group>"; };
		B10015 /* Casablanca.entitlements */ = {isa = PBXFileReference; lastKnownFileType = text.plist.entitlements; path = Casablanca.entitlements; sourceTree = "<group>"; };
		B10016 /* AudioRecordingService.swift */ = {isa = PBXFileReference; lastKnownFileType = sourcecode.swift; path = AudioRecordingService.swift; sourceTree = "<group>"; };
		B10017 /* RecordingView.swift */ = {isa = PBXFileReference; lastKnownFileType = sourcecode.swift; path = RecordingView.swift; sourceTree = "<group>"; };
		B10018 /* AudioLevelMeterView.swift */ = {isa = PBXFileReference; lastKnownFileType = sourcecode.swift; path = AudioLevelMeterView.swift; sourceTree = "<group>"; };
		B10019 /* RecordedMeetingView.swift */ = {isa = PBXFileReference; lastKnownFileType = sourcecode.swift; path = RecordedMeetingView.swift; sourceTree = "<group>"; };
		B10020 /* TranscriptionService.swift */ = {isa = PBXFileReference; lastKnownFileType = sourcecode.swift; path = TranscriptionService.swift; sourceTree = "<group>"; };
		B10021 /* TranscriptionView.swift */ = {isa = PBXFileReference; lastKnownFileType = sourcecode.swift; path = TranscriptionView.swift; sourceTree = "<group>"; };
		B10022 /* MarkdownTextEditor.swift */ = {isa = PBXFileReference; lastKnownFileType = sourcecode.swift; path = MarkdownTextEditor.swift; sourceTree = "<group>"; };
		B10023 /* SummarizationService.swift */ = {isa = PBXFileReference; lastKnownFileType = sourcecode.swift; path = SummarizationService.swift; sourceTree = "<group>"; };
		B10024 /* ExportService.swift */ = {isa = PBXFileReference; lastKnownFileType = sourcecode.swift; path = ExportService.swift; sourceTree = "<group>"; };
		B10025 /* MenuBarMeetingView.swift */ = {isa = PBXFileReference; lastKnownFileType = sourcecode.swift; path = MenuBarMeetingView.swift; sourceTree = "<group>"; };
		B10026 /* TodoItem.swift */ = {isa = PBXFileReference; lastKnownFileType = sourcecode.swift; path = TodoItem.swift; sourceTree = "<group>"; };
		B10027 /* SummaryResponseParser.swift */ = {isa = PBXFileReference; lastKnownFileType = sourcecode.swift; path = SummaryResponseParser.swift; sourceTree = "<group>"; };
		B10028 /* SummaryResponseParserTests.swift */ = {isa = PBXFileReference; lastKnownFileType = sourcecode.swift; path = SummaryResponseParserTests.swift; sourceTree = "<group>"; };
		B10100 /* MeetingTimeBucket.swift */ = {isa = PBXFileReference; lastKnownFileType = sourcecode.swift; path = MeetingTimeBucket.swift; sourceTree = "<group>"; };
		B10101 /* MeetingTimeBucketTests.swift */ = {isa = PBXFileReference; lastKnownFileType = sourcecode.swift; path = MeetingTimeBucketTests.swift; sourceTree = "<group>"; };
		B10102 /* MeetingSearchIndex.swift */ = {isa = PBXFileReference; lastKnownFileType = sourcecode.swift; path = MeetingSearchIndex.swift; sourceTree = "<group>"; };
		B10103 /* MeetingSearchIndexTests.swift */ = {isa = PBXFileReference; lastKnownFileType = sourcecode.swift; path = MeetingSearchIndexTests.swift; sourceTree = "<group>"; };
		B10029 /* PendingTodoReview.swift */ = {isa = PBXFileReference; lastKnownFileType = sourcecode.swift; path = PendingTodoReview.swift; sourceTree = "<group>"; };
		B10030 /* TodoReviewSheet.swift */ = {isa = PBXFileReference; lastKnownFileType = sourcecode.swift; path = TodoReviewSheet.swift; sourceTree = "<group>"; };
		B10031 /* TodosView.swift */ = {isa = PBXFileReference; lastKnownFileType = sourcecode.swift; path = TodosView.swift; sourceTree = "<group>"; };
		B10032 /* MarkdownConverter.swift */ = {isa = PBXFileReference; lastKnownFileType = sourcecode.swift; path = MarkdownConverter.swift; sourceTree = "<group>"; };
		B10033 /* MarkdownEditorBundleTests.swift */ = {isa = PBXFileReference; lastKnownFileType = sourcecode.swift; path = MarkdownEditorBundleTests.swift; sourceTree = "<group>"; };
		B10034 /* MarkdownEditor */ = {isa = PBXFileReference; lastKnownFileType = folder; path = MarkdownEditor; sourceTree = "<group>"; };
		B10035 /* MeetingStartFlowTests.swift */ = {isa = PBXFileReference; lastKnownFileType = sourcecode.swift; path = MeetingStartFlowTests.swift; sourceTree = "<group>"; };
		B10036 /* MeetingPrepService.swift */ = {isa = PBXFileReference; lastKnownFileType = sourcecode.swift; path = MeetingPrepService.swift; sourceTree = "<group>"; };
		B10037 /* MeetingPrepServiceTests.swift */ = {isa = PBXFileReference; lastKnownFileType = sourcecode.swift; path = MeetingPrepServiceTests.swift; sourceTree = "<group>"; };
		B10104 /* MeetingPrepServiceWriteTests.swift */ = {isa = PBXFileReference; lastKnownFileType = sourcecode.swift; path = MeetingPrepServiceWriteTests.swift; sourceTree = "<group>"; };
		B10038 /* ObsidianTodoMarkdownTests.swift */ = {isa = PBXFileReference; lastKnownFileType = sourcecode.swift; path = ObsidianTodoMarkdownTests.swift; sourceTree = "<group>"; };
		B10039 /* ObsidianMeetingFiles.swift */ = {isa = PBXFileReference; lastKnownFileType = sourcecode.swift; path = ObsidianMeetingFiles.swift; sourceTree = "<group>"; };
		B10040 /* ObsidianTodoMarkdown.swift */ = {isa = PBXFileReference; lastKnownFileType = sourcecode.swift; path = ObsidianTodoMarkdown.swift; sourceTree = "<group>"; };
		B10041 /* ObsidianTodoSyncServiceTests.swift */ = {isa = PBXFileReference; lastKnownFileType = sourcecode.swift; path = ObsidianTodoSyncServiceTests.swift; sourceTree = "<group>"; };
		B10042 /* ObsidianTodoSyncService.swift */ = {isa = PBXFileReference; lastKnownFileType = sourcecode.swift; path = ObsidianTodoSyncService.swift; sourceTree = "<group>"; };
		B10043 /* PermissionsBehaviorTests.swift */ = {isa = PBXFileReference; lastKnownFileType = sourcecode.swift; path = PermissionsBehaviorTests.swift; sourceTree = "<group>"; };
		B10044 /* ExportServiceTests.swift */ = {isa = PBXFileReference; lastKnownFileType = sourcecode.swift; path = ExportServiceTests.swift; sourceTree = "<group>"; };
		B10045 /* SummarizationServiceTests.swift */ = {isa = PBXFileReference; lastKnownFileType = sourcecode.swift; path = SummarizationServiceTests.swift; sourceTree = "<group>"; };
		B10047 /* RecordingResumeSessionStore.swift */ = {isa = PBXFileReference; lastKnownFileType = sourcecode.swift; path = RecordingResumeSessionStore.swift; sourceTree = "<group>"; };
		B10048 /* RecordingInterruptionMonitor.swift */ = {isa = PBXFileReference; lastKnownFileType = sourcecode.swift; path = RecordingInterruptionMonitor.swift; sourceTree = "<group>"; };
		B10049 /* RecordingInterruptionMonitorTests.swift */ = {isa = PBXFileReference; lastKnownFileType = sourcecode.swift; path = RecordingInterruptionMonitorTests.swift; sourceTree = "<group>"; };
		B10050 /* RecordingInterruptionCoordinator.swift */ = {isa = PBXFileReference; lastKnownFileType = sourcecode.swift; path = RecordingInterruptionCoordinator.swift; sourceTree = "<group>"; };
		B10051 /* RecordingInterruptionCoordinatorTests.swift */ = {isa = PBXFileReference; lastKnownFileType = sourcecode.swift; path = RecordingInterruptionCoordinatorTests.swift; sourceTree = "<group>"; };
		B10052 /* RecordingNotificationCenter.swift */ = {isa = PBXFileReference; lastKnownFileType = sourcecode.swift; path = RecordingNotificationCenter.swift; sourceTree = "<group>"; };
		B10053 /* AppPreferences.swift */ = {isa = PBXFileReference; lastKnownFileType = sourcecode.swift; path = AppPreferences.swift; sourceTree = "<group>"; };
		B10054 /* AppPreferencesTests.swift */ = {isa = PBXFileReference; lastKnownFileType = sourcecode.swift; path = AppPreferencesTests.swift; sourceTree = "<group>"; };
		B10055 /* AppleNotesScripting.swift */ = {isa = PBXFileReference; lastKnownFileType = sourcecode.swift; path = AppleNotesScripting.swift; sourceTree = "<group>"; };
		B10056 /* InMemoryAppleNotesScripting.swift */ = {isa = PBXFileReference; lastKnownFileType = sourcecode.swift; path = InMemoryAppleNotesScripting.swift; sourceTree = "<group>"; };
		B10057 /* AppleNotesScriptingFakeTests.swift */ = {isa = PBXFileReference; lastKnownFileType = sourcecode.swift; path = AppleNotesScriptingFakeTests.swift; sourceTree = "<group>"; };
		B10058 /* AppleNotesBodyRenderer.swift */ = {isa = PBXFileReference; lastKnownFileType = sourcecode.swift; path = AppleNotesBodyRenderer.swift; sourceTree = "<group>"; };
		B10059 /* AppleNotesBodyRendererTests.swift */ = {isa = PBXFileReference; lastKnownFileType = sourcecode.swift; path = AppleNotesBodyRendererTests.swift; sourceTree = "<group>"; };
		B10060 /* AppleNotesExportError.swift */ = {isa = PBXFileReference; lastKnownFileType = sourcecode.swift; path = AppleNotesExportError.swift; sourceTree = "<group>"; };
		B10061 /* AppleNotesExportErrorTests.swift */ = {isa = PBXFileReference; lastKnownFileType = sourcecode.swift; path = AppleNotesExportErrorTests.swift; sourceTree = "<group>"; };
		B10062 /* AppleNotesMeetingExporter.swift */ = {isa = PBXFileReference; lastKnownFileType = sourcecode.swift; path = AppleNotesMeetingExporter.swift; sourceTree = "<group>"; };
		B10063 /* AppleNotesMeetingExporterTests.swift */ = {isa = PBXFileReference; lastKnownFileType = sourcecode.swift; path = AppleNotesMeetingExporterTests.swift; sourceTree = "<group>"; };
		B10064 /* NSAppleScriptAppleNotesScripting.swift */ = {isa = PBXFileReference; lastKnownFileType = sourcecode.swift; path = NSAppleScriptAppleNotesScripting.swift; sourceTree = "<group>"; };
		B10065 /* NSAppleScriptAppleNotesScriptingTests.swift */ = {isa = PBXFileReference; lastKnownFileType = sourcecode.swift; path = NSAppleScriptAppleNotesScriptingTests.swift; sourceTree = "<group>"; };
		B10066 /* ObsidianMeetingExporter.swift */ = {isa = PBXFileReference; lastKnownFileType = sourcecode.swift; path = ObsidianMeetingExporter.swift; sourceTree = "<group>"; };
		B10067 /* ExportServiceRoutingTests.swift */ = {isa = PBXFileReference; lastKnownFileType = sourcecode.swift; path = ExportServiceRoutingTests.swift; sourceTree = "<group>"; };
		B2931ECD9D9B97E683CABC9D /* UpdateDownloader.swift */ = {isa = PBXFileReference; includeInIndex = 1; lastKnownFileType = sourcecode.swift; path = UpdateDownloader.swift; sourceTree = "<group>"; };
		B5C2220C025C16945CB2AB2F /* UpdateInstaller.swift */ = {isa = PBXFileReference; includeInIndex = 1; lastKnownFileType = sourcecode.swift; path = UpdateInstaller.swift; sourceTree = "<group>"; };
		BC3E160AF88BBEE8A8ACE88F /* UpdatePathsTests.swift */ = {isa = PBXFileReference; includeInIndex = 1; lastKnownFileType = sourcecode.swift; path = UpdatePathsTests.swift; sourceTree = "<group>"; };
		BEDC99ABCEE1E1DF4190DB03 /* UpdateLaunchHousekeeping.swift */ = {isa = PBXFileReference; includeInIndex = 1; lastKnownFileType = sourcecode.swift; path = UpdateLaunchHousekeeping.swift; sourceTree = "<group>"; };
		C10001 /* Casablanca.app */ = {isa = PBXFileReference; explicitFileType = wrapper.application; includeInIndex = 0; path = Casablanca.app; sourceTree = BUILT_PRODUCTS_DIR; };
		C10002 /* CasablancaTests.xctest */ = {isa = PBXFileReference; explicitFileType = wrapper.cfbundle; includeInIndex = 0; path = CasablancaTests.xctest; sourceTree = BUILT_PRODUCTS_DIR; };
		C5B528C25CC65D55848052D4 /* LLMProviderFactoryTests.swift */ = {isa = PBXFileReference; includeInIndex = 1; lastKnownFileType = sourcecode.swift; path = LLMProviderFactoryTests.swift; sourceTree = "<group>"; };
		C79C7C11A5C52DE2A2694DF3 /* UpdateError.swift */ = {isa = PBXFileReference; includeInIndex = 1; lastKnownFileType = sourcecode.swift; path = UpdateError.swift; sourceTree = "<group>"; };
		C9CDA9B6E30A9CDFA1F59E59 /* Casablanca-99.0.0-macOS.zip */ = {isa = PBXFileReference; includeInIndex = 1; lastKnownFileType = archive.zip; path = "Casablanca-99.0.0-macOS.zip"; sourceTree = "<group>"; };
		D1EE29FDF8FFC1ABF7924FBC /* TerminologyService.swift */ = {isa = PBXFileReference; includeInIndex = 1; lastKnownFileType = sourcecode.swift; path = TerminologyService.swift; sourceTree = "<group>"; };
		D25A8FB5E153EBF6D42BDFA9 /* ActionQueueView.swift */ = {isa = PBXFileReference; includeInIndex = 1; lastKnownFileType = sourcecode.swift; path = ActionQueueView.swift; sourceTree = "<group>"; };
		D8B8B5B1EC960D341635643A /* UpdatePaths.swift */ = {isa = PBXFileReference; includeInIndex = 1; lastKnownFileType = sourcecode.swift; path = UpdatePaths.swift; sourceTree = "<group>"; };
		DBEBCC07A82694092AF7D696 /* GitHubReleaseClient.swift */ = {isa = PBXFileReference; includeInIndex = 1; lastKnownFileType = sourcecode.swift; path = GitHubReleaseClient.swift; sourceTree = "<group>"; };
		DE2308EE9B78AC44C7B41D8E /* UpdateErrorTests.swift */ = {isa = PBXFileReference; includeInIndex = 1; lastKnownFileType = sourcecode.swift; path = UpdateErrorTests.swift; sourceTree = "<group>"; };
		E137BABB61EEA16ED1A5A2C6 /* Casablanca-0.0.1-macOS.zip */ = {isa = PBXFileReference; includeInIndex = 1; lastKnownFileType = archive.zip; path = "Casablanca-0.0.1-macOS.zip"; sourceTree = "<group>"; };
		E2070196BC4ABF8540E9793B /* ReleaseInfo.swift */ = {isa = PBXFileReference; includeInIndex = 1; lastKnownFileType = sourcecode.swift; path = ReleaseInfo.swift; sourceTree = "<group>"; };
		E98B9080F7BB0E7584B66D54 /* ApplicationsLocationCheckTests.swift */ = {isa = PBXFileReference; includeInIndex = 1; lastKnownFileType = sourcecode.swift; path = ApplicationsLocationCheckTests.swift; sourceTree = "<group>"; };
		F48DF0F45188DE554F17F6F2 /* ActionQueueStore.swift */ = {isa = PBXFileReference; includeInIndex = 1; lastKnownFileType = sourcecode.swift; path = ActionQueueStore.swift; sourceTree = "<group>"; };
		FBD4139757289B0A6DC1F05C /* UpdateServiceTests.swift */ = {isa = PBXFileReference; includeInIndex = 1; lastKnownFileType = sourcecode.swift; path = UpdateServiceTests.swift; sourceTree = "<group>"; };
/* End PBXFileReference section */

/* Begin PBXFrameworksBuildPhase section */
		D10001 /* Frameworks */ = {
			isa = PBXFrameworksBuildPhase;
			buildActionMask = 2147483647;
			files = (
				A10024 /* WhisperKit in Frameworks */,
			);
			runOnlyForDeploymentPostprocessing = 0;
		};
/* End PBXFrameworksBuildPhase section */

/* Begin PBXGroup section */
		8C0F8B08F8B0A6A4C4F35A42 /* Updates */ = {
			isa = PBXGroup;
			children = (
				C79C7C11A5C52DE2A2694DF3 /* UpdateError.swift */,
				94A49CA3494756C27CD173CA /* SemanticVersion.swift */,
				D8B8B5B1EC960D341635643A /* UpdatePaths.swift */,
				E2070196BC4ABF8540E9793B /* ReleaseInfo.swift */,
				DBEBCC07A82694092AF7D696 /* GitHubReleaseClient.swift */,
				2FC460B2BFF0B3C00963217D /* UpdatePreferences.swift */,
				0BF127BCDC48F6704366EE77 /* SafeToQuitProbe.swift */,
				B2931ECD9D9B97E683CABC9D /* UpdateDownloader.swift */,
				B5C2220C025C16945CB2AB2F /* UpdateInstaller.swift */,
				A3D480611A08BDB4705DD52C /* UpdateService.swift */,
				BEDC99ABCEE1E1DF4190DB03 /* UpdateLaunchHousekeeping.swift */,
			);
			name = Updates;
			path = Updates;
			sourceTree = "<group>";
		};
		8ED14EFC82B2D84BDBD94EF8 /* Updates */ = {
			isa = PBXGroup;
			children = (
				DE2308EE9B78AC44C7B41D8E /* UpdateErrorTests.swift */,
				830EA0C2E42BDA3BE7689572 /* SemanticVersionTests.swift */,
				BC3E160AF88BBEE8A8ACE88F /* UpdatePathsTests.swift */,
				4672FEB4BDED2E6CA8AD7E83 /* GitHubReleaseClientTests.swift */,
				045962ADE2E9E4D925ECAFB7 /* UpdatePreferencesTests.swift */,
				4F979EA02933A2A7C4B8686F /* SafeToQuitProbeTests.swift */,
				A064F199C7F1A4EA8845250C /* UpdateDownloaderTests.swift */,
				1CBDC454B1E9FB4940FC277E /* UpdateInstallerScriptTests.swift */,
				FBD4139757289B0A6DC1F05C /* UpdateServiceTests.swift */,
				E98B9080F7BB0E7584B66D54 /* ApplicationsLocationCheckTests.swift */,
			);
			name = Updates;
			path = Updates;
			sourceTree = "<group>";
		};
		B27D68C2A33237168146A7AD /* LLM */ = {
			isa = PBXGroup;
			children = (
				48FF6FBD168B2E9103E4BABA /* LLMProvider.swift */,
				ABD3C39F3B257B73C3B65A5E /* OllamaProvider.swift */,
				7EE76844700FCF7A055497BB /* OMLXProvider.swift */,
			);
			name = LLM;
			path = LLM;
			sourceTree = "<group>";
		};
		C16AE52BC6C407C652EB053F /* Updates */ = {
			isa = PBXGroup;
			children = (
				C9CDA9B6E30A9CDFA1F59E59 /* Casablanca-99.0.0-macOS.zip */,
				E137BABB61EEA16ED1A5A2C6 /* Casablanca-0.0.1-macOS.zip */,
				108FBBE803A2166EC0F75BB4 /* build-fixtures.sh */,
			);
			name = Updates;
			path = Updates;
			sourceTree = "<group>";
		};
		DD1D869FE75C9137CBB92593 /* Fixtures */ = {
			isa = PBXGroup;
			children = (
				B10056 /* InMemoryAppleNotesScripting.swift */,
				C16AE52BC6C407C652EB053F /* Updates */,
			);
			name = Fixtures;
			path = Fixtures;
			sourceTree = "<group>";
		};
		E10001 = {
			isa = PBXGroup;
			children = (
				E10002 /* Casablanca */,
				E10012 /* CasablancaTests */,
				E10009 /* Products */,
			);
			sourceTree = "<group>";
		};
		E10002 /* Casablanca */ = {
			isa = PBXGroup;
			children = (
				B10001 /* CasablancaApp.swift */,
				B10015 /* Casablanca.entitlements */,
				E10003 /* Models */,
				E10004 /* Services */,
				E10005 /* ViewModels */,
				E10006 /* Views */,
				E10007 /* Design */,
				E10008 /* Utilities */,
				E10010 /* Resources */,
				68B1976A2F61FC0B008725A4 /* icon.png */,
			);
			path = Casablanca;
			sourceTree = "<group>";
		};
		E10003 /* Models */ = {
			isa = PBXGroup;
			children = (
				B10003 /* Meeting.swift */,
				B10026 /* TodoItem.swift */,
				B10029 /* PendingTodoReview.swift */,
				B10053 /* AppPreferences.swift */,
				42DC02442B940A212DC35C19 /* ActionQueue.swift */,
			);
			path = Models;
			sourceTree = "<group>";
		};
		E10004 /* Services */ = {
			isa = PBXGroup;
			children = (
				B10004 /* CalendarService.swift */,
				B10016 /* AudioRecordingService.swift */,
				B10020 /* TranscriptionService.swift */,
				B10023 /* SummarizationService.swift */,
				B10024 /* ExportService.swift */,
				B10066 /* ObsidianMeetingExporter.swift */,
				B10036 /* MeetingPrepService.swift */,
				B10039 /* ObsidianMeetingFiles.swift */,
				B10040 /* ObsidianTodoMarkdown.swift */,
				B10042 /* ObsidianTodoSyncService.swift */,
				B10027 /* SummaryResponseParser.swift */,
				B10100 /* MeetingTimeBucket.swift */,
				B10102 /* MeetingSearchIndex.swift */,
				B10047 /* RecordingResumeSessionStore.swift */,
				B10048 /* RecordingInterruptionMonitor.swift */,
				B10050 /* RecordingInterruptionCoordinator.swift */,
				B10052 /* RecordingNotificationCenter.swift */,
				B10055 /* AppleNotesScripting.swift */,
				B10058 /* AppleNotesBodyRenderer.swift */,
				B10060 /* AppleNotesExportError.swift */,
				B10062 /* AppleNotesMeetingExporter.swift */,
				B10064 /* NSAppleScriptAppleNotesScripting.swift */,
				8C0F8B08F8B0A6A4C4F35A42 /* Updates */,
				D1EE29FDF8FFC1ABF7924FBC /* TerminologyService.swift */,
				B27D68C2A33237168146A7AD /* LLM */,
				F48DF0F45188DE554F17F6F2 /* ActionQueueStore.swift */,
				348E68C9FBB335806B18BFE3 /* ActionQueueModel.swift */,
			);
			path = Services;
			sourceTree = "<group>";
		};
		E10005 /* ViewModels */ = {
			isa = PBXGroup;
			children = (
				B10005 /* MeetingListViewModel.swift */,
			);
			path = ViewModels;
			sourceTree = "<group>";
		};
		E10006 /* Views */ = {
			isa = PBXGroup;
			children = (
				B10002 /* ContentView.swift */,
				B10006 /* DashboardView.swift */,
				B10012 /* SidebarView.swift */,
				B10013 /* NotesEditorView.swift */,
				B10017 /* RecordingView.swift */,
				B10019 /* RecordedMeetingView.swift */,
				B10021 /* TranscriptionView.swift */,
				B10025 /* MenuBarMeetingView.swift */,
				B10014 /* SettingsView.swift */,
				B10030 /* TodoReviewSheet.swift */,
				B10031 /* TodosView.swift */,
				E10011 /* Components */,
				78870DE27FC6FEFF9085B32B /* UpdatePromptView.swift */,
				7D7CA09912D7E22E2CA3CE7B /* UpdateProgressView.swift */,
				5356811FE16B03FB65CDE802 /* UpdatesSettingsView.swift */,
				D25A8FB5E153EBF6D42BDFA9 /* ActionQueueView.swift */,
			);
			path = Views;
			sourceTree = "<group>";
		};
		E10007 /* Design */ = {
			isa = PBXGroup;
			children = (
				B10008 /* DesignTokens.swift */,
				B10009 /* Theme.swift */,
			);
			path = Design;
			sourceTree = "<group>";
		};
		E10008 /* Utilities */ = {
			isa = PBXGroup;
			children = (
				B10010 /* Permissions.swift */,
				B10032 /* MarkdownConverter.swift */,
				6D64BC5E807A9D8403D0DAC0 /* ApplicationsLocationCheck.swift */,
			);
			path = Utilities;
			sourceTree = "<group>";
		};
		E10009 /* Products */ = {
			isa = PBXGroup;
			children = (
				C10001 /* Casablanca.app */,
				C10002 /* CasablancaTests.xctest */,
			);
			name = Products;
			sourceTree = "<group>";
		};
		E10010 /* Resources */ = {
			isa = PBXGroup;
			children = (
				B10011 /* Assets.xcassets */,
				B10034 /* MarkdownEditor */,
			);
			path = Resources;
			sourceTree = "<group>";
		};
		E10011 /* Components */ = {
			isa = PBXGroup;
			children = (
				B10007 /* MeetingCardView.swift */,
				B10018 /* AudioLevelMeterView.swift */,
				B10022 /* MarkdownTextEditor.swift */,
			);
			path = Components;
			sourceTree = "<group>";
		};
		E10012 /* CasablancaTests */ = {
			isa = PBXGroup;
			children = (
				B10028 /* SummaryResponseParserTests.swift */,
				B10101 /* MeetingTimeBucketTests.swift */,
				B10103 /* MeetingSearchIndexTests.swift */,
				B10033 /* MarkdownEditorBundleTests.swift */,
				B10035 /* MeetingStartFlowTests.swift */,
				B10037 /* MeetingPrepServiceTests.swift */,
				B10104 /* MeetingPrepServiceWriteTests.swift */,
				B10038 /* ObsidianTodoMarkdownTests.swift */,
				B10041 /* ObsidianTodoSyncServiceTests.swift */,
				B10043 /* PermissionsBehaviorTests.swift */,
				B10044 /* ExportServiceTests.swift */,
				B10045 /* SummarizationServiceTests.swift */,
				B10049 /* RecordingInterruptionMonitorTests.swift */,
				B10051 /* RecordingInterruptionCoordinatorTests.swift */,
				B10054 /* AppPreferencesTests.swift */,
				B10057 /* AppleNotesScriptingFakeTests.swift */,
				B10059 /* AppleNotesBodyRendererTests.swift */,
				B10061 /* AppleNotesExportErrorTests.swift */,
				B10063 /* AppleNotesMeetingExporterTests.swift */,
				B10065 /* NSAppleScriptAppleNotesScriptingTests.swift */,
				B10067 /* ExportServiceRoutingTests.swift */,
				8ED14EFC82B2D84BDBD94EF8 /* Updates */,
				DD1D869FE75C9137CBB92593 /* Fixtures */,
				F0FD78121BD9F422E1B23EB5 /* LLM */,
				7996A7642A643E66F49CBDDF /* ActionQueueStoreTests.swift */,
			);
			path = CasablancaTests;
			sourceTree = "<group>";
		};
		F0FD78121BD9F422E1B23EB5 /* LLM */ = {
			isa = PBXGroup;
			children = (
				20C4B5781EA0827175F6ED04 /* MockURLProtocol.swift */,
				3AA7A06D80FD840FA9F5BE53 /* OllamaProviderTests.swift */,
				48D20F343EEE59691A539A5C /* OMLXProviderTests.swift */,
				C5B528C25CC65D55848052D4 /* LLMProviderFactoryTests.swift */,
			);
			name = LLM;
			path = LLM;
			sourceTree = "<group>";
		};
/* End PBXGroup section */

/* Begin PBXNativeTarget section */
		F10001 /* Casablanca */ = {
			isa = PBXNativeTarget;
			buildConfigurationList = G10003 /* Build configuration list for PBXNativeTarget "Casablanca" */;
			buildPhases = (
				F10002 /* Sources */,
				D10001 /* Frameworks */,
				F10003 /* Resources */,
			);
			buildRules = (
			);
			dependencies = (
			);
			name = Casablanca;
			packageProductDependencies = (
				J10002 /* WhisperKit */,
			);
			productName = Casablanca;
			productReference = C10001 /* Casablanca.app */;
			productType = "com.apple.product-type.application";
		};
		F10004 /* CasablancaTests */ = {
			isa = PBXNativeTarget;
			buildConfigurationList = G10007 /* Build configuration list for PBXNativeTarget "CasablancaTests" */;
			buildPhases = (
				F10005 /* Sources */,
				791CD353EDB61218C7AA7A13 /* Resources */,
			);
			buildRules = (
			);
			dependencies = (
				F10006 /* PBXTargetDependency */,
			);
			name = CasablancaTests;
			productName = CasablancaTests;
			productReference = C10002 /* CasablancaTests.xctest */;
			productType = "com.apple.product-type.bundle.unit-test";
		};
/* End PBXNativeTarget section */

/* Begin PBXProject section */
		H10001 /* Project object */ = {
			isa = PBXProject;
			attributes = {
				BuildIndependentTargetsInParallel = 1;
				LastSwiftUpdateCheck = 1540;
				LastUpgradeCheck = 1540;
				TargetAttributes = {
					F10001 = {
						CreatedOnToolsVersion = 15.4;
					};
					F10004 = {
						CreatedOnToolsVersion = 15.4;
						TestTargetID = F10001;
					};
				};
			};
			buildConfigurationList = G10001 /* Build configuration list for PBXProject "Casablanca" */;
			compatibilityVersion = "Xcode 14.0";
			developmentRegion = en;
			hasScannedForEncodings = 0;
			knownRegions = (
				en,
				Base,
			);
			mainGroup = E10001;
			packageReferences = (
				J10001 /* XCRemoteSwiftPackageReference "WhisperKit" */,
			);
			productRefGroup = E10009 /* Products */;
			projectDirPath = "";
			projectRoot = "";
			targets = (
				F10001 /* Casablanca */,
				F10004 /* CasablancaTests */,
			);
		};
/* End PBXProject section */

/* Begin PBXResourcesBuildPhase section */
		791CD353EDB61218C7AA7A13 /* Resources */ = {
			isa = PBXResourcesBuildPhase;
			buildActionMask = 2147483647;
			files = (
				C40DAA304D9C44955F64244C /* Casablanca-99.0.0-macOS.zip in Resources */,
				0ACF43EE2D7D8212148AB63B /* Casablanca-0.0.1-macOS.zip in Resources */,
			);
			runOnlyForDeploymentPostprocessing = 0;
		};
		F10003 /* Resources */ = {
			isa = PBXResourcesBuildPhase;
			buildActionMask = 2147483647;
			files = (
				A10011 /* Assets.xcassets in Resources */,
				A10034 /* MarkdownEditor in Resources */,
			);
			runOnlyForDeploymentPostprocessing = 0;
		};
/* End PBXResourcesBuildPhase section */

/* Begin PBXSourcesBuildPhase section */
		F10002 /* Sources */ = {
			isa = PBXSourcesBuildPhase;
			buildActionMask = 2147483647;
			files = (
				A10001 /* CasablancaApp.swift in Sources */,
				A10002 /* ContentView.swift in Sources */,
				A10003 /* Meeting.swift in Sources */,
				A10004 /* CalendarService.swift in Sources */,
				A10005 /* MeetingListViewModel.swift in Sources */,
				A10006 /* DashboardView.swift in Sources */,
				A10007 /* MeetingCardView.swift in Sources */,
				A10008 /* DesignTokens.swift in Sources */,
				A10009 /* Theme.swift in Sources */,
				A10010 /* Permissions.swift in Sources */,
				A10012 /* SidebarView.swift in Sources */,
				A10013 /* NotesEditorView.swift in Sources */,
				A10014 /* SettingsView.swift in Sources */,
				A10015 /* AudioRecordingService.swift in Sources */,
				A10016 /* RecordingView.swift in Sources */,
				A10017 /* AudioLevelMeterView.swift in Sources */,
				A10018 /* RecordedMeetingView.swift in Sources */,
				A10019 /* TranscriptionService.swift in Sources */,
				A10020 /* TranscriptionView.swift in Sources */,
				A10021 /* MarkdownTextEditor.swift in Sources */,
				A10022 /* SummarizationService.swift in Sources */,
				A10023 /* ExportService.swift in Sources */,
				A10066 /* ObsidianMeetingExporter.swift in Sources */,
				A10025 /* MenuBarMeetingView.swift in Sources */,
				A10026 /* TodoItem.swift in Sources */,
				A10027 /* SummaryResponseParser.swift in Sources */,
				A10100 /* MeetingTimeBucket.swift in Sources */,
				A10102 /* MeetingSearchIndex.swift in Sources */,
				A10029 /* PendingTodoReview.swift in Sources */,
				A10030 /* TodoReviewSheet.swift in Sources */,
				A10031 /* TodosView.swift in Sources */,
				A10032 /* MarkdownConverter.swift in Sources */,
				A10036 /* MeetingPrepService.swift in Sources */,
				A10039 /* ObsidianMeetingFiles.swift in Sources */,
				A10040 /* ObsidianTodoMarkdown.swift in Sources */,
				A10042 /* ObsidianTodoSyncService.swift in Sources */,
				A10047 /* RecordingResumeSessionStore.swift in Sources */,
				A10048 /* RecordingInterruptionMonitor.swift in Sources */,
				A10050 /* RecordingInterruptionCoordinator.swift in Sources */,
				A10052 /* RecordingNotificationCenter.swift in Sources */,
				A10053 /* AppPreferences.swift in Sources */,
				A10055 /* AppleNotesScripting.swift in Sources */,
				A10058 /* AppleNotesBodyRenderer.swift in Sources */,
				A10060 /* AppleNotesExportError.swift in Sources */,
				A10062 /* AppleNotesMeetingExporter.swift in Sources */,
				A10064 /* NSAppleScriptAppleNotesScripting.swift in Sources */,
				43C4F02725FE174F0D9146C5 /* UpdateError.swift in Sources */,
				9B2AF0E9AA2D3E3854897D24 /* SemanticVersion.swift in Sources */,
				03AF1A0166ED6F1B10C3EC38 /* UpdatePaths.swift in Sources */,
				24EB0A08CE05CBF3AEA097E5 /* ReleaseInfo.swift in Sources */,
				54A689833AB34ABBFCCD2124 /* GitHubReleaseClient.swift in Sources */,
				2405FA5D7C76BF630A133C64 /* UpdatePreferences.swift in Sources */,
				18B51C18488B1C2AA71B6049 /* SafeToQuitProbe.swift in Sources */,
				A25F412BA3090DD15071F908 /* UpdateDownloader.swift in Sources */,
				B5266CDC7EFE27EE8647B0AE /* UpdateInstaller.swift in Sources */,
				C1E6FC1E581E4E7C1DCF1C16 /* UpdateService.swift in Sources */,
				EE2603CEF476CBAD683D007C /* ApplicationsLocationCheck.swift in Sources */,
				A8FA62DBB7CD4046DD1FCC81 /* UpdateLaunchHousekeeping.swift in Sources */,
				CEFB80B9E5C58D2FB05541A7 /* UpdatePromptView.swift in Sources */,
				CA604E75D903664CE5D5A80A /* UpdateProgressView.swift in Sources */,
				9C64626C06AC9157AA4AD10A /* UpdatesSettingsView.swift in Sources */,
				E14B9E3C42DDFF387EF53739 /* TerminologyService.swift in Sources */,
				9BEF92EEB18A36DC9F07B108 /* LLMProvider.swift in Sources */,
				392C856CE65B9DC4F84D1D47 /* OllamaProvider.swift in Sources */,
				BE6770583C1B1F8A8C67B418 /* OMLXProvider.swift in Sources */,
				0B4237F6139DC6A92CAF3E37 /* ActionQueue.swift in Sources */,
				DBA9D1B7DEB384F9DCBDEEF6 /* ActionQueueStore.swift in Sources */,
				B5410AFB7ACFB3702A9B7C70 /* ActionQueueModel.swift in Sources */,
				2D0DAAC2CE1FED596BF02B11 /* ActionQueueView.swift in Sources */,
			);
			runOnlyForDeploymentPostprocessing = 0;
		};
		F10005 /* Sources */ = {
			isa = PBXSourcesBuildPhase;
			buildActionMask = 2147483647;
			files = (
				A10028 /* SummaryResponseParserTests.swift in Sources */,
				A10101 /* MeetingTimeBucketTests.swift in Sources */,
				A10103 /* MeetingSearchIndexTests.swift in Sources */,
				A10033 /* MarkdownEditorBundleTests.swift in Sources */,
				A10035 /* MeetingStartFlowTests.swift in Sources */,
				A10037 /* MeetingPrepServiceTests.swift in Sources */,
				A10104 /* MeetingPrepServiceWriteTests.swift in Sources */,
				A10038 /* ObsidianTodoMarkdownTests.swift in Sources */,
				A10041 /* ObsidianTodoSyncServiceTests.swift in Sources */,
				A10043 /* PermissionsBehaviorTests.swift in Sources */,
				A10044 /* ExportServiceTests.swift in Sources */,
				A10045 /* SummarizationServiceTests.swift in Sources */,
				A10049 /* RecordingInterruptionMonitorTests.swift in Sources */,
				A10051 /* RecordingInterruptionCoordinatorTests.swift in Sources */,
				A10054 /* AppPreferencesTests.swift in Sources */,
				A10056 /* InMemoryAppleNotesScripting.swift in Sources */,
				A10057 /* AppleNotesScriptingFakeTests.swift in Sources */,
				A10059 /* AppleNotesBodyRendererTests.swift in Sources */,
				A10061 /* AppleNotesExportErrorTests.swift in Sources */,
				A10063 /* AppleNotesMeetingExporterTests.swift in Sources */,
				A10065 /* NSAppleScriptAppleNotesScriptingTests.swift in Sources */,
				A10067 /* ExportServiceRoutingTests.swift in Sources */,
				3E29EC5FF869299653BB1F2B /* UpdateErrorTests.swift in Sources */,
				5C637014C8D2430DB4C6FC9F /* SemanticVersionTests.swift in Sources */,
				7044416CB6E8E5314D6EA07A /* UpdatePathsTests.swift in Sources */,
				31CA18E6ABD1202A5B8E1374 /* GitHubReleaseClientTests.swift in Sources */,
				7F31A7678806EAFEC2C6A94A /* UpdatePreferencesTests.swift in Sources */,
				F1783E6572E352D3F007A4C7 /* SafeToQuitProbeTests.swift in Sources */,
				CB88AFB502038FEDE1584365 /* UpdateDownloaderTests.swift in Sources */,
				A369480DCCBAFDED92973389 /* UpdateInstallerScriptTests.swift in Sources */,
				A83C80018AF2D1867913487B /* UpdateServiceTests.swift in Sources */,
				AACD71C8C2C46990F3D87FAA /* ApplicationsLocationCheckTests.swift in Sources */,
				6AC35E1EB4C8E95C8584EFB1 /* MockURLProtocol.swift in Sources */,
				C514F5A5E0BEA52EA0DC4B59 /* OllamaProviderTests.swift in Sources */,
				3536DDAC6F96EC87D6CB57DF /* OMLXProviderTests.swift in Sources */,
				863B495C0E86496DB75A9C91 /* LLMProviderFactoryTests.swift in Sources */,
				C9BC31735C018EA073CE78BD /* ActionQueueStoreTests.swift in Sources */,
			);
			runOnlyForDeploymentPostprocessing = 0;
		};
/* End PBXSourcesBuildPhase section */

/* Begin PBXTargetDependency section */
		F10006 /* PBXTargetDependency */ = {
			isa = PBXTargetDependency;
			target = F10001 /* Casablanca */;
			targetProxy = F10007 /* PBXContainerItemProxy */;
		};
/* End PBXTargetDependency section */

/* Begin XCBuildConfiguration section */
		G10002 /* Debug */ = {
			isa = XCBuildConfiguration;
			buildSettings = {
				ALWAYS_SEARCH_USER_PATHS = NO;
				ASSETCATALOG_COMPILER_GENERATE_SWIFT_ASSET_SYMBOL_EXTENSIONS = YES;
				CLANG_ANALYZER_NONNULL = YES;
				CLANG_CXX_LANGUAGE_STANDARD = "gnu++20";
				CLANG_ENABLE_MODULES = YES;
				CLANG_ENABLE_OBJC_ARC = YES;
				COPY_PHASE_STRIP = NO;
				DEBUG_INFORMATION_FORMAT = dwarf;
				ENABLE_STRICT_OBJC_MSGSEND = YES;
				ENABLE_TESTABILITY = YES;
				GCC_DYNAMIC_NO_PIC = NO;
				GCC_OPTIMIZATION_LEVEL = 0;
				GCC_WARN_ABOUT_RETURN_TYPE = YES_ERROR;
				GCC_WARN_UNINITIALIZED_AUTOS = YES_AGGRESSIVE;
				MACOSX_DEPLOYMENT_TARGET = 14.0;
				MTL_ENABLE_DEBUG_INFO = INCLUDE_SOURCE;
				ONLY_ACTIVE_ARCH = YES;
				SDKROOT = macosx;
				SWIFT_ACTIVE_COMPILATION_CONDITIONS = "DEBUG $(inherited)";
				SWIFT_OPTIMIZATION_LEVEL = "-Onone";
				SWIFT_VERSION = 5.0;
			};
			name = Debug;
		};
		G10004 /* Release */ = {
			isa = XCBuildConfiguration;
			buildSettings = {
				ALWAYS_SEARCH_USER_PATHS = NO;
				ASSETCATALOG_COMPILER_GENERATE_SWIFT_ASSET_SYMBOL_EXTENSIONS = YES;
				CLANG_ANALYZER_NONNULL = YES;
				CLANG_CXX_LANGUAGE_STANDARD = "gnu++20";
				CLANG_ENABLE_MODULES = YES;
				CLANG_ENABLE_OBJC_ARC = YES;
				COPY_PHASE_STRIP = NO;
				DEBUG_INFORMATION_FORMAT = "dwarf-with-dsym";
				ENABLE_NS_ASSERTIONS = NO;
				ENABLE_STRICT_OBJC_MSGSEND = YES;
				GCC_WARN_ABOUT_RETURN_TYPE = YES_ERROR;
				GCC_WARN_UNINITIALIZED_AUTOS = YES_AGGRESSIVE;
				MACOSX_DEPLOYMENT_TARGET = 14.0;
				SDKROOT = macosx;
				SWIFT_COMPILATION_MODE = wholemodule;
				SWIFT_VERSION = 5.0;
			};
			name = Release;
		};
		G10005 /* Debug */ = {
			isa = XCBuildConfiguration;
			buildSettings = {
				ASSETCATALOG_COMPILER_APPICON_NAME = AppIcon;
				ASSETCATALOG_COMPILER_GLOBAL_ACCENT_COLOR_NAME = AccentColor;
				CODE_SIGN_ENTITLEMENTS = Casablanca/Casablanca.entitlements;
				"CODE_SIGN_IDENTITY[sdk=macosx*]" = "Apple Development";
				CODE_SIGN_STYLE = Automatic;
				COMBINE_HIDPI_IMAGES = YES;
				CURRENT_PROJECT_VERSION = 1;
				DEVELOPMENT_TEAM = 77YQ5E8KT3;
				ENABLE_HARDENED_RUNTIME = YES;
				GENERATE_INFOPLIST_FILE = YES;
				INFOPLIST_KEY_CFBundleDisplayName = Casablanca;
				INFOPLIST_KEY_LSApplicationCategoryType = "public.app-category.productivity";
				INFOPLIST_KEY_NSAppleEventsUsageDescription = "Casablanca uses AppleScript automation to save meeting notes to Apple Notes when you select Apple Notes as the export destination.";
				INFOPLIST_KEY_NSCalendarsUsageDescription = "Casablanca needs access to your calendar to show upcoming meetings.";
				INFOPLIST_KEY_NSMicrophoneUsageDescription = "Casablanca needs microphone access to record meeting audio.";
				INFOPLIST_KEY_NSScreenCaptureUsageDescription = "Casablanca needs screen and system audio recording access to capture meeting audio.";
				INFOPLIST_KEY_NSSpeechRecognitionUsageDescription = "Casablanca uses on-device speech recognition to transcribe meeting recordings locally.";
				LD_RUNPATH_SEARCH_PATHS = (
					"$(inherited)",
					"@executable_path/../Frameworks",
				);
				MARKETING_VERSION = 0.7.1;
				PRODUCT_BUNDLE_IDENTIFIER = com.casablanca.app;
				PRODUCT_NAME = "$(TARGET_NAME)";
				SWIFT_EMIT_LOC_STRINGS = YES;
				SWIFT_STRICT_CONCURRENCY = complete;
				SWIFT_VERSION = 5.0;
			};
			name = Debug;
		};
		G10006 /* Release */ = {
			isa = XCBuildConfiguration;
			buildSettings = {
				ASSETCATALOG_COMPILER_APPICON_NAME = AppIcon;
				ASSETCATALOG_COMPILER_GLOBAL_ACCENT_COLOR_NAME = AccentColor;
				CODE_SIGN_ENTITLEMENTS = Casablanca/Casablanca.entitlements;
				"CODE_SIGN_IDENTITY[sdk=macosx*]" = "Apple Development";
				CODE_SIGN_STYLE = Automatic;
				COMBINE_HIDPI_IMAGES = YES;
				CURRENT_PROJECT_VERSION = 1;
				DEVELOPMENT_TEAM = 77YQ5E8KT3;
				ENABLE_HARDENED_RUNTIME = YES;
				GENERATE_INFOPLIST_FILE = YES;
				INFOPLIST_KEY_CFBundleDisplayName = Casablanca;
				INFOPLIST_KEY_LSApplicationCategoryType = "public.app-category.productivity";
				INFOPLIST_KEY_NSAppleEventsUsageDescription = "Casablanca uses AppleScript automation to save meeting notes to Apple Notes when you select Apple Notes as the export destination.";
				INFOPLIST_KEY_NSCalendarsUsageDescription = "Casablanca needs access to your calendar to show upcoming meetings.";
				INFOPLIST_KEY_NSMicrophoneUsageDescription = "Casablanca needs microphone access to record meeting audio.";
				INFOPLIST_KEY_NSScreenCaptureUsageDescription = "Casablanca needs screen and system audio recording access to capture meeting audio.";
				INFOPLIST_KEY_NSSpeechRecognitionUsageDescription = "Casablanca uses on-device speech recognition to transcribe meeting recordings locally.";
				LD_RUNPATH_SEARCH_PATHS = (
					"$(inherited)",
					"@executable_path/../Frameworks",
				);
				MARKETING_VERSION = 0.7.1;
				PRODUCT_BUNDLE_IDENTIFIER = com.casablanca.app;
				PRODUCT_NAME = "$(TARGET_NAME)";
				SWIFT_EMIT_LOC_STRINGS = YES;
				SWIFT_STRICT_CONCURRENCY = complete;
				SWIFT_VERSION = 5.0;
			};
			name = Release;
		};
		G10008 /* Debug */ = {
			isa = XCBuildConfiguration;
			buildSettings = {
				BUNDLE_LOADER = "$(TEST_HOST)";
				CODE_SIGN_STYLE = Automatic;
				DEVELOPMENT_TEAM = 77YQ5E8KT3;
				GENERATE_INFOPLIST_FILE = YES;
				MACOSX_DEPLOYMENT_TARGET = 14.0;
				PRODUCT_BUNDLE_IDENTIFIER = com.casablanca.app.tests;
				PRODUCT_NAME = "$(TARGET_NAME)";
				SDKROOT = macosx;
				SWIFT_STRICT_CONCURRENCY = complete;
				SWIFT_VERSION = 5.0;
				TEST_HOST = "$(BUILT_PRODUCTS_DIR)/Casablanca.app/Contents/MacOS/Casablanca";
			};
			name = Debug;
		};
		G10009 /* Release */ = {
			isa = XCBuildConfiguration;
			buildSettings = {
				BUNDLE_LOADER = "$(TEST_HOST)";
				CODE_SIGN_STYLE = Automatic;
				GENERATE_INFOPLIST_FILE = YES;
				MACOSX_DEPLOYMENT_TARGET = 14.0;
				PRODUCT_BUNDLE_IDENTIFIER = com.casablanca.app.tests;
				PRODUCT_NAME = "$(TARGET_NAME)";
				SDKROOT = macosx;
				SWIFT_COMPILATION_MODE = wholemodule;
				SWIFT_STRICT_CONCURRENCY = complete;
				SWIFT_VERSION = 5.0;
				TEST_HOST = "$(BUILT_PRODUCTS_DIR)/Casablanca.app/Contents/MacOS/Casablanca";
			};
			name = Release;
		};
/* End XCBuildConfiguration section */

/* Begin XCConfigurationList section */
		G10001 /* Build configuration list for PBXProject "Casablanca" */ = {
			isa = XCConfigurationList;
			buildConfigurations = (
				G10002 /* Debug */,
				G10004 /* Release */,
			);
			defaultConfigurationIsVisible = 0;
			defaultConfigurationName = Release;
		};
		G10003 /* Build configuration list for PBXNativeTarget "Casablanca" */ = {
			isa = XCConfigurationList;
			buildConfigurations = (
				G10005 /* Debug */,
				G10006 /* Release */,
			);
			defaultConfigurationIsVisible = 0;
			defaultConfigurationName = Release;
		};
		G10007 /* Build configuration list for PBXNativeTarget "CasablancaTests" */ = {
			isa = XCConfigurationList;
			buildConfigurations = (
				G10008 /* Debug */,
				G10009 /* Release */,
			);
			defaultConfigurationIsVisible = 0;
			defaultConfigurationName = Release;
		};
/* End XCConfigurationList section */

/* Begin XCRemoteSwiftPackageReference section */
		J10001 /* XCRemoteSwiftPackageReference "WhisperKit" */ = {
			isa = XCRemoteSwiftPackageReference;
			repositoryURL = "https://github.com/argmaxinc/WhisperKit.git";
			requirement = {
				branch = main;
				kind = branch;
			};
		};
/* End XCRemoteSwiftPackageReference section */

/* Begin XCSwiftPackageProductDependency section */
		J10002 /* WhisperKit */ = {
			isa = XCSwiftPackageProductDependency;
			package = J10001 /* XCRemoteSwiftPackageReference "WhisperKit" */;
			productName = WhisperKit;
		};
/* End XCSwiftPackageProductDependency section */
	};
	rootObject = H10001 /* Project object */;
}
